
Microsoft Visual Studio Solution File, Format Version 12.00
# Visual Studio 2012
Project("{2150E333-8FDC-42A3-9474-1A3956D46DE8}") = "tests", "tests", "{21776062-DBDA-4408-BF22-9DCB2682DCBC}"
EndProject
Project("{D954291E-2A0B-460D-934E-DC6B0785DB48}") = "managed-shared", "tests\managed\managed-shared.shproj", "{C75D4267-5757-4078-BCF4-7136BE033E96}"
EndProject
Project("{FAE04EC0-301F-11D3-BF4B-00C04F79EFBC}") = "managed-generic", "tests\managed\generic\managed-generic.csproj", "{D56A7E3F-FF5C-4EC2-879F-1260ABBD1903}"
EndProject
Project("{FAE04EC0-301F-11D3-BF4B-00C04F79EFBC}") = "managed-pcl", "tests\managed\pcl\managed-pcl.csproj", "{43B5C8AC-74C4-4EB4-AF2D-C62E36F41379}"
EndProject
Project("{FAE04EC0-301F-11D3-BF4B-00C04F79EFBC}") = "managed-android", "tests\managed\android\managed-android.csproj", "{10E2D025-DED3-490D-8EC6-E99B30FE3E4F}"
EndProject
Project("{FAE04EC0-301F-11D3-BF4B-00C04F79EFBC}") = "MonoEmbeddinator4000.Tests", "tests\MonoEmbeddinator4000.Tests\MonoEmbeddinator4000.Tests.csproj", "{8B817EDA-6575-4C17-8255-85652BDD1366}"
EndProject
Project("{E46AB94E-5081-B7E4-99F8-4206054E886C}") = "Embeddinator-4000", "build\projects\Embeddinator-4000.csproj", "{509699E3-3C25-23AD-E543-37A8D1B13353}"
EndProject
Project("{2150E333-8FDC-42A3-9474-1A3956D46DE8}") = "dependencies", "dependencies", "{7B2816C2-7370-43B2-820E-FC9C798429BB}"
EndProject
Project("{FAE04EC0-301F-11D3-BF4B-00C04F79EFBC}") = "Xamarin.Android.Tools", "build\projects\Xamarin.Android.Tools.csproj", "{83A10A50-EF0D-C64A-B801-5EA8242DE8B2}"
EndProject
Project("{FAE04EC0-301F-11D3-BF4B-00C04F79EFBC}") = "IKVM.Reflection", "build\projects\IKVM.Reflection.csproj", "{95A93EAD-0135-AC71-0A46-2F6676500872}"
EndProject
Project("{FAE04EC0-301F-11D3-BF4B-00C04F79EFBC}") = "Xamarin.MacDev", "build\projects\Xamarin.MacDev.csproj", "{F329EB84-DFF7-DE8A-C88B-4FB1B4F8BAEF}"
EndProject
Project("{FAE04EC0-301F-11D3-BF4B-00C04F79EFBC}") = "CppSharp", "build\projects\CppSharp.csproj", "{C600C309-B2CD-1D15-DBE6-0BBDC71253A3}"
EndProject
Project("{FAE04EC0-301F-11D3-BF4B-00C04F79EFBC}") = "CppSharp.AST", "build\projects\CppSharp.AST.csproj", "{BC4C5C41-A8AF-EBE5-5135-249C3D77B768}"
EndProject
Project("{FAE04EC0-301F-11D3-BF4B-00C04F79EFBC}") = "CppSharp.Generator", "build\projects\CppSharp.Generator.csproj", "{1BD1FEC4-07B5-BF1A-7015-BA6D5C18AA9C}"
EndProject
Project("{FAE04EC0-301F-11D3-BF4B-00C04F79EFBC}") = "CppSharp.Parser.CSharp", "build\projects\CppSharp.Parser.CSharp.csproj", "{70148081-5C0E-A9D3-457B-3FE431140F40}"
EndProject
Project("{FAE04EC0-301F-11D3-BF4B-00C04F79EFBC}") = "CppSharp.Parser", "build\projects\CppSharp.Parser.csproj", "{C105FD61-2D91-6A26-36A2-ED1AA2ACC626}"
EndProject
Project("{FAE04EC0-301F-11D3-BF4B-00C04F79EFBC}") = "CppSharp.Runtime", "build\projects\CppSharp.Runtime.csproj", "{189FF169-0498-10BC-2DCA-F5401922F0C7}"
EndProject
Project("{f2a71f9b-5d33-465a-a702-920d77279786}") = "fsharp-android", "tests\managed\fsharp-android\fsharp-android.fsproj", "{558BCEC3-1B1F-4DEC-AF4C-47B404A05DE6}"
EndProject
Project("{9344BDBB-3E7F-41FC-A0DD-8665D75EE146}") = "managedwarn", "tests\managedwarn\managedwarn.csproj", "{39EC3FCA-104C-48DA-8B08-18A11148B8F7}"
EndProject
Project("{9344BDBB-3E7F-41FC-A0DD-8665D75EE146}") = "objcgentest", "tests\objcgentest\objcgentest.csproj", "{DEAAD0EA-0FC2-427A-8B7A-173872FD3629}"
EndProject
Project("{9344BDBB-3E7F-41FC-A0DD-8665D75EE146}") = "leaktest", "tests\leaktest\leaktest.csproj", "{44509EA7-2580-46DE-9557-6AA3B64C1F6B}"
EndProject
Project("{9344BDBB-3E7F-41FC-A0DD-8665D75EE146}") = "managed-ios", "tests\managed\ios\managed-ios.csproj", "{7222DF15-4E26-417D-8B5A-5BD9F1006219}"
EndProject
Project("{9344BDBB-3E7F-41FC-A0DD-8665D75EE146}") = "managed-macos-system", "tests\managed\macos-system\managed-macos-system.csproj", "{5E0CB07E-E4DF-4590-9FF4-C78A92A2D230}"
EndProject
Project("{9344BDBB-3E7F-41FC-A0DD-8665D75EE146}") = "managed-macos-full", "tests\managed\macos-full\managed-macos-full.csproj", "{3B06BDD0-46A5-4362-85BE-3EB7C438D58C}"
EndProject
Project("{9344BDBB-3E7F-41FC-A0DD-8665D75EE146}") = "managed-macos-modern", "tests\managed\macos-modern\managed-macos-modern.csproj", "{22434C3A-ED76-4769-A384-5F48ED66EE75}"
EndProject
Project("{9344BDBB-3E7F-41FC-A0DD-8665D75EE146}") = "managed-netstandard", "tests\managed\netstandard\managed-netstandard.csproj", "{76C06121-9565-438F-A750-024641D9CDF2}"
EndProject
Project("{9344BDBB-3E7F-41FC-A0DD-8665D75EE146}") = "objcgen", "objcgen\objcgen.csproj", "{4D0EB624-B2C9-4484-BA73-BFD5653BF0F6}"
EndProject
Project("{D954291E-2A0B-460D-934E-DC6B0785DB48}") = "fsharp-shared", "tests\managed\fsharp-shared\fsharp-shared.shproj", "{B46AC5CA-D13A-4F82-8A83-76B32F2F74EF}"
EndProject
Project("{F2A71F9B-5D33-465A-A702-920D77279786}") = "fsharp-generic", "tests\managed\fsharp-generic\fsharp-generic.fsproj", "{1D70C6B6-B63D-49F3-AC02-E6F93BAA4377}"
EndProject
Global
	GlobalSection(SolutionConfigurationPlatforms) = preSolution
		Debug|x86 = Debug|x86
		Release|x86 = Release|x86
	EndGlobalSection
	GlobalSection(ProjectConfigurationPlatforms) = postSolution
		{D56A7E3F-FF5C-4EC2-879F-1260ABBD1903}.Debug|x86.ActiveCfg = Debug|x86
		{D56A7E3F-FF5C-4EC2-879F-1260ABBD1903}.Debug|x86.Build.0 = Debug|x86
		{D56A7E3F-FF5C-4EC2-879F-1260ABBD1903}.Release|x86.ActiveCfg = Release|x86
		{D56A7E3F-FF5C-4EC2-879F-1260ABBD1903}.Release|x86.Build.0 = Release|x86
		{43B5C8AC-74C4-4EB4-AF2D-C62E36F41379}.Debug|x86.ActiveCfg = Debug|Any CPU
		{43B5C8AC-74C4-4EB4-AF2D-C62E36F41379}.Debug|x86.Build.0 = Debug|Any CPU
		{43B5C8AC-74C4-4EB4-AF2D-C62E36F41379}.Release|x86.ActiveCfg = Release|Any CPU
		{43B5C8AC-74C4-4EB4-AF2D-C62E36F41379}.Release|x86.Build.0 = Release|Any CPU
		{10E2D025-DED3-490D-8EC6-E99B30FE3E4F}.Debug|x86.ActiveCfg = Debug|Any CPU
		{10E2D025-DED3-490D-8EC6-E99B30FE3E4F}.Debug|x86.Build.0 = Debug|Any CPU
		{10E2D025-DED3-490D-8EC6-E99B30FE3E4F}.Release|x86.ActiveCfg = Release|Any CPU
		{10E2D025-DED3-490D-8EC6-E99B30FE3E4F}.Release|x86.Build.0 = Release|Any CPU
		{8B817EDA-6575-4C17-8255-85652BDD1366}.Debug|x86.ActiveCfg = Debug|x86
		{8B817EDA-6575-4C17-8255-85652BDD1366}.Debug|x86.Build.0 = Debug|x86
		{8B817EDA-6575-4C17-8255-85652BDD1366}.Release|x86.ActiveCfg = Release|x86
		{8B817EDA-6575-4C17-8255-85652BDD1366}.Release|x86.Build.0 = Release|x86
		{509699E3-3C25-23AD-E543-37A8D1B13353}.Debug|x86.ActiveCfg = Debug|x86
		{509699E3-3C25-23AD-E543-37A8D1B13353}.Debug|x86.Build.0 = Debug|x86
		{509699E3-3C25-23AD-E543-37A8D1B13353}.Release|x86.ActiveCfg = Release|x86
		{509699E3-3C25-23AD-E543-37A8D1B13353}.Release|x86.Build.0 = Release|x86
		{83A10A50-EF0D-C64A-B801-5EA8242DE8B2}.Debug|x86.ActiveCfg = Debug|x86
		{83A10A50-EF0D-C64A-B801-5EA8242DE8B2}.Debug|x86.Build.0 = Debug|x86
		{83A10A50-EF0D-C64A-B801-5EA8242DE8B2}.Release|x86.ActiveCfg = Release|x86
		{83A10A50-EF0D-C64A-B801-5EA8242DE8B2}.Release|x86.Build.0 = Release|x86
		{95A93EAD-0135-AC71-0A46-2F6676500872}.Debug|x86.ActiveCfg = Debug|x86
		{95A93EAD-0135-AC71-0A46-2F6676500872}.Debug|x86.Build.0 = Debug|x86
		{95A93EAD-0135-AC71-0A46-2F6676500872}.Release|x86.ActiveCfg = Release|x86
		{95A93EAD-0135-AC71-0A46-2F6676500872}.Release|x86.Build.0 = Release|x86
		{F329EB84-DFF7-DE8A-C88B-4FB1B4F8BAEF}.Debug|x86.ActiveCfg = Debug|x86
		{F329EB84-DFF7-DE8A-C88B-4FB1B4F8BAEF}.Debug|x86.Build.0 = Debug|x86
		{F329EB84-DFF7-DE8A-C88B-4FB1B4F8BAEF}.Release|x86.ActiveCfg = Release|x86
		{F329EB84-DFF7-DE8A-C88B-4FB1B4F8BAEF}.Release|x86.Build.0 = Release|x86
		{C600C309-B2CD-1D15-DBE6-0BBDC71253A3}.Debug|x86.ActiveCfg = Debug|x86
		{C600C309-B2CD-1D15-DBE6-0BBDC71253A3}.Debug|x86.Build.0 = Debug|x86
		{C600C309-B2CD-1D15-DBE6-0BBDC71253A3}.Release|x86.ActiveCfg = Release|x86
		{C600C309-B2CD-1D15-DBE6-0BBDC71253A3}.Release|x86.Build.0 = Release|x86
		{BC4C5C41-A8AF-EBE5-5135-249C3D77B768}.Debug|x86.ActiveCfg = Debug|x86
		{BC4C5C41-A8AF-EBE5-5135-249C3D77B768}.Debug|x86.Build.0 = Debug|x86
		{BC4C5C41-A8AF-EBE5-5135-249C3D77B768}.Release|x86.ActiveCfg = Release|x86
		{BC4C5C41-A8AF-EBE5-5135-249C3D77B768}.Release|x86.Build.0 = Release|x86
		{1BD1FEC4-07B5-BF1A-7015-BA6D5C18AA9C}.Debug|x86.ActiveCfg = Debug|x86
		{1BD1FEC4-07B5-BF1A-7015-BA6D5C18AA9C}.Debug|x86.Build.0 = Debug|x86
		{1BD1FEC4-07B5-BF1A-7015-BA6D5C18AA9C}.Release|x86.ActiveCfg = Release|x86
		{1BD1FEC4-07B5-BF1A-7015-BA6D5C18AA9C}.Release|x86.Build.0 = Release|x86
		{70148081-5C0E-A9D3-457B-3FE431140F40}.Debug|x86.ActiveCfg = Debug|x86
		{70148081-5C0E-A9D3-457B-3FE431140F40}.Debug|x86.Build.0 = Debug|x86
		{70148081-5C0E-A9D3-457B-3FE431140F40}.Release|x86.ActiveCfg = Release|x86
		{70148081-5C0E-A9D3-457B-3FE431140F40}.Release|x86.Build.0 = Release|x86
		{C105FD61-2D91-6A26-36A2-ED1AA2ACC626}.Debug|x86.ActiveCfg = Debug|x86
		{C105FD61-2D91-6A26-36A2-ED1AA2ACC626}.Debug|x86.Build.0 = Debug|x86
		{C105FD61-2D91-6A26-36A2-ED1AA2ACC626}.Release|x86.ActiveCfg = Release|x86
		{C105FD61-2D91-6A26-36A2-ED1AA2ACC626}.Release|x86.Build.0 = Release|x86
		{189FF169-0498-10BC-2DCA-F5401922F0C7}.Debug|x86.ActiveCfg = Debug|x86
		{189FF169-0498-10BC-2DCA-F5401922F0C7}.Debug|x86.Build.0 = Debug|x86
		{189FF169-0498-10BC-2DCA-F5401922F0C7}.Release|x86.ActiveCfg = Release|x86
		{189FF169-0498-10BC-2DCA-F5401922F0C7}.Release|x86.Build.0 = Release|x86
		{558BCEC3-1B1F-4DEC-AF4C-47B404A05DE6}.Debug|x86.ActiveCfg = Debug|Any CPU
		{558BCEC3-1B1F-4DEC-AF4C-47B404A05DE6}.Debug|x86.Build.0 = Debug|Any CPU
		{558BCEC3-1B1F-4DEC-AF4C-47B404A05DE6}.Release|x86.ActiveCfg = Release|Any CPU
		{558BCEC3-1B1F-4DEC-AF4C-47B404A05DE6}.Release|x86.Build.0 = Release|Any CPU
		{39EC3FCA-104C-48DA-8B08-18A11148B8F7}.Debug|x86.ActiveCfg = Debug|Any CPU
		{39EC3FCA-104C-48DA-8B08-18A11148B8F7}.Debug|x86.Build.0 = Debug|Any CPU
		{39EC3FCA-104C-48DA-8B08-18A11148B8F7}.Release|x86.ActiveCfg = Release|Any CPU
		{39EC3FCA-104C-48DA-8B08-18A11148B8F7}.Release|x86.Build.0 = Release|Any CPU
		{DEAAD0EA-0FC2-427A-8B7A-173872FD3629}.Debug|x86.ActiveCfg = Debug|x86
		{DEAAD0EA-0FC2-427A-8B7A-173872FD3629}.Debug|x86.Build.0 = Debug|x86
		{DEAAD0EA-0FC2-427A-8B7A-173872FD3629}.Release|x86.ActiveCfg = Release|x86
		{DEAAD0EA-0FC2-427A-8B7A-173872FD3629}.Release|x86.Build.0 = Release|x86
		{44509EA7-2580-46DE-9557-6AA3B64C1F6B}.Debug|x86.ActiveCfg = Debug|x86
		{44509EA7-2580-46DE-9557-6AA3B64C1F6B}.Debug|x86.Build.0 = Debug|x86
		{44509EA7-2580-46DE-9557-6AA3B64C1F6B}.Release|x86.ActiveCfg = Release|x86
		{44509EA7-2580-46DE-9557-6AA3B64C1F6B}.Release|x86.Build.0 = Release|x86
		{7222DF15-4E26-417D-8B5A-5BD9F1006219}.Debug|x86.ActiveCfg = Debug|x86
		{7222DF15-4E26-417D-8B5A-5BD9F1006219}.Debug|x86.Build.0 = Debug|x86
		{7222DF15-4E26-417D-8B5A-5BD9F1006219}.Release|x86.ActiveCfg = Release|x86
		{7222DF15-4E26-417D-8B5A-5BD9F1006219}.Release|x86.Build.0 = Release|x86
		{5E0CB07E-E4DF-4590-9FF4-C78A92A2D230}.Debug|x86.ActiveCfg = Debug|x86
		{5E0CB07E-E4DF-4590-9FF4-C78A92A2D230}.Debug|x86.Build.0 = Debug|x86
		{5E0CB07E-E4DF-4590-9FF4-C78A92A2D230}.Release|x86.ActiveCfg = Release|x86
		{5E0CB07E-E4DF-4590-9FF4-C78A92A2D230}.Release|x86.Build.0 = Release|x86
		{3B06BDD0-46A5-4362-85BE-3EB7C438D58C}.Debug|x86.ActiveCfg = Debug|x86
		{3B06BDD0-46A5-4362-85BE-3EB7C438D58C}.Debug|x86.Build.0 = Debug|x86
		{3B06BDD0-46A5-4362-85BE-3EB7C438D58C}.Release|x86.ActiveCfg = Release|x86
		{3B06BDD0-46A5-4362-85BE-3EB7C438D58C}.Release|x86.Build.0 = Release|x86
		{22434C3A-ED76-4769-A384-5F48ED66EE75}.Debug|x86.ActiveCfg = Debug|x86
		{22434C3A-ED76-4769-A384-5F48ED66EE75}.Debug|x86.Build.0 = Debug|x86
		{22434C3A-ED76-4769-A384-5F48ED66EE75}.Release|x86.ActiveCfg = Release|x86
		{22434C3A-ED76-4769-A384-5F48ED66EE75}.Release|x86.Build.0 = Release|x86
		{76C06121-9565-438F-A750-024641D9CDF2}.Debug|x86.ActiveCfg = Debug|Any CPU
		{76C06121-9565-438F-A750-024641D9CDF2}.Debug|x86.Build.0 = Debug|Any CPU
		{76C06121-9565-438F-A750-024641D9CDF2}.Release|x86.ActiveCfg = Release|Any CPU
		{76C06121-9565-438F-A750-024641D9CDF2}.Release|x86.Build.0 = Release|Any CPU
		{4D0EB624-B2C9-4484-BA73-BFD5653BF0F6}.Debug|x86.ActiveCfg = Debug|x86
		{4D0EB624-B2C9-4484-BA73-BFD5653BF0F6}.Debug|x86.Build.0 = Debug|x86
		{4D0EB624-B2C9-4484-BA73-BFD5653BF0F6}.Release|x86.ActiveCfg = Release|x86
		{4D0EB624-B2C9-4484-BA73-BFD5653BF0F6}.Release|x86.Build.0 = Release|x86
	EndGlobalSection
	GlobalSection(NestedProjects) = preSolution
		{C75D4267-5757-4078-BCF4-7136BE033E96} = {21776062-DBDA-4408-BF22-9DCB2682DCBC}
		{D56A7E3F-FF5C-4EC2-879F-1260ABBD1903} = {21776062-DBDA-4408-BF22-9DCB2682DCBC}
		{43B5C8AC-74C4-4EB4-AF2D-C62E36F41379} = {21776062-DBDA-4408-BF22-9DCB2682DCBC}
		{10E2D025-DED3-490D-8EC6-E99B30FE3E4F} = {21776062-DBDA-4408-BF22-9DCB2682DCBC}
		{8B817EDA-6575-4C17-8255-85652BDD1366} = {21776062-DBDA-4408-BF22-9DCB2682DCBC}
		{83A10A50-EF0D-C64A-B801-5EA8242DE8B2} = {7B2816C2-7370-43B2-820E-FC9C798429BB}
		{95A93EAD-0135-AC71-0A46-2F6676500872} = {7B2816C2-7370-43B2-820E-FC9C798429BB}
		{F329EB84-DFF7-DE8A-C88B-4FB1B4F8BAEF} = {7B2816C2-7370-43B2-820E-FC9C798429BB}
		{C600C309-B2CD-1D15-DBE6-0BBDC71253A3} = {7B2816C2-7370-43B2-820E-FC9C798429BB}
		{BC4C5C41-A8AF-EBE5-5135-249C3D77B768} = {7B2816C2-7370-43B2-820E-FC9C798429BB}
		{1BD1FEC4-07B5-BF1A-7015-BA6D5C18AA9C} = {7B2816C2-7370-43B2-820E-FC9C798429BB}
		{70148081-5C0E-A9D3-457B-3FE431140F40} = {7B2816C2-7370-43B2-820E-FC9C798429BB}
		{C105FD61-2D91-6A26-36A2-ED1AA2ACC626} = {7B2816C2-7370-43B2-820E-FC9C798429BB}
		{189FF169-0498-10BC-2DCA-F5401922F0C7} = {7B2816C2-7370-43B2-820E-FC9C798429BB}
		{558BCEC3-1B1F-4DEC-AF4C-47B404A05DE6} = {21776062-DBDA-4408-BF22-9DCB2682DCBC}
		{39EC3FCA-104C-48DA-8B08-18A11148B8F7} = {21776062-DBDA-4408-BF22-9DCB2682DCBC}
		{DEAAD0EA-0FC2-427A-8B7A-173872FD3629} = {21776062-DBDA-4408-BF22-9DCB2682DCBC}
		{44509EA7-2580-46DE-9557-6AA3B64C1F6B} = {21776062-DBDA-4408-BF22-9DCB2682DCBC}
		{7222DF15-4E26-417D-8B5A-5BD9F1006219} = {21776062-DBDA-4408-BF22-9DCB2682DCBC}
		{5E0CB07E-E4DF-4590-9FF4-C78A92A2D230} = {21776062-DBDA-4408-BF22-9DCB2682DCBC}
		{3B06BDD0-46A5-4362-85BE-3EB7C438D58C} = {21776062-DBDA-4408-BF22-9DCB2682DCBC}
		{22434C3A-ED76-4769-A384-5F48ED66EE75} = {21776062-DBDA-4408-BF22-9DCB2682DCBC}
		{76C06121-9565-438F-A750-024641D9CDF2} = {21776062-DBDA-4408-BF22-9DCB2682DCBC}
		{B46AC5CA-D13A-4F82-8A83-76B32F2F74EF} = {21776062-DBDA-4408-BF22-9DCB2682DCBC}
	EndGlobalSection
EndGlobal
