Microsoft Visual Studio Solution File, Format Version 12.00
# Visual Studio 15
VisualStudioVersion = 15.0.27413.0
MinimumVisualStudioVersion = 10.0.40219.1
Project("{2150E333-8FDC-42A3-9474-1A3956D46DE8}") = "tests", "tests", "{21776062-DBDA-4408-BF22-9DCB2682DCBC}"
EndProject
Project("{D954291E-2A0B-460D-934E-DC6B0785DB48}") = "managed-shared", "tests\managed\managed-shared.shproj", "{C75D4267-5757-4078-BCF4-7136BE033E96}"
EndProject
Project("{FAE04EC0-301F-11D3-BF4B-00C04F79EFBC}") = "managed-generic", "tests\managed\generic\managed-generic.csproj", "{D56A7E3F-FF5C-4EC2-879F-1260ABBD1903}"
EndProject
Project("{FAE04EC0-301F-11D3-BF4B-00C04F79EFBC}") = "managed-pcl", "tests\managed\pcl\managed-pcl.csproj", "{43B5C8AC-74C4-4EB4-AF2D-C62E36F41379}"
EndProject
Project("{FAE04EC0-301F-11D3-BF4B-00C04F79EFBC}") = "managed-android", "tests\managed\android\managed-android.csproj", "{10E2D025-DED3-490D-8EC6-E99B30FE3E4F}"
EndProject
Project("{FAE04EC0-301F-11D3-BF4B-00C04F79EFBC}") = "MonoEmbeddinator4000.Tests", "tests\MonoEmbeddinator4000.Tests\MonoEmbeddinator4000.Tests.csproj", "{8B817EDA-6575-4C17-8255-85652BDD1366}"
EndProject
Project("{FAE04EC0-301F-11D3-BF4B-00C04F79EFBC}") = "Embeddinator-4000", "build\projects\Embeddinator-4000.csproj", "{E46AB94E-5081-B7E4-99F8-4206054E886C}"
EndProject
Project("{2150E333-8FDC-42A3-9474-1A3956D46DE8}") = "dependencies", "dependencies", "{7B2816C2-7370-43B2-820E-FC9C798429BB}"
EndProject
Project("{FAE04EC0-301F-11D3-BF4B-00C04F79EFBC}") = "Xamarin.Android.Tools", "build\projects\Xamarin.Android.Tools.csproj", "{83A10A50-EF0D-C64A-B801-5EA8242DE8B2}"
EndProject
Project("{FAE04EC0-301F-11D3-BF4B-00C04F79EFBC}") = "IKVM.Reflection", "build\projects\IKVM.Reflection.csproj", "{95A93EAD-0135-AC71-0A46-2F6676500872}"
EndProject
Project("{FAE04EC0-301F-11D3-BF4B-00C04F79EFBC}") = "Xamarin.MacDev", "build\projects\Xamarin.MacDev.csproj", "{F329EB84-DFF7-DE8A-C88B-4FB1B4F8BAEF}"
EndProject
Project("{FAE04EC0-301F-11D3-BF4B-00C04F79EFBC}") = "CppSharp", "build\projects\CppSharp.csproj", "{C600C309-B2CD-1D15-DBE6-0BBDC71253A3}"
EndProject
Project("{FAE04EC0-301F-11D3-BF4B-00C04F79EFBC}") = "CppSharp.AST", "build\projects\CppSharp.AST.csproj", "{BC4C5C41-A8AF-EBE5-5135-249C3D77B768}"
EndProject
Project("{FAE04EC0-301F-11D3-BF4B-00C04F79EFBC}") = "CppSharp.Generator", "build\projects\CppSharp.Generator.csproj", "{1BD1FEC4-07B5-BF1A-7015-BA6D5C18AA9C}"
EndProject
Project("{FAE04EC0-301F-11D3-BF4B-00C04F79EFBC}") = "CppSharp.Parser.CSharp", "build\projects\CppSharp.Parser.CSharp.csproj", "{70148081-5C0E-A9D3-457B-3FE431140F40}"
EndProject
Project("{FAE04EC0-301F-11D3-BF4B-00C04F79EFBC}") = "CppSharp.Parser", "build\projects\CppSharp.Parser.csproj", "{C105FD61-2D91-6A26-36A2-ED1AA2ACC626}"
EndProject
Project("{FAE04EC0-301F-11D3-BF4B-00C04F79EFBC}") = "CppSharp.Runtime", "build\projects\CppSharp.Runtime.csproj", "{189FF169-0498-10BC-2DCA-F5401922F0C7}"
EndProject
Project("{F2A71F9B-5D33-465A-A702-920D77279786}") = "fsharp-android", "tests\managed\fsharp-android\fsharp-android.fsproj", "{558BCEC3-1B1F-4DEC-AF4C-47B404A05DE6}"
EndProject
Project("{FAE04EC0-301F-11D3-BF4B-00C04F79EFBC}") = "managedwarn", "tests\managedwarn\managedwarn.csproj", "{73C4FAF0-C37A-4CEE-A3F3-B1F80748D5B2}"
EndProject
Project("{FAE04EC0-301F-11D3-BF4B-00C04F79EFBC}") = "objcgentest", "tests\objcgentest\objcgentest.csproj", "{076A871B-0C13-47D8-8923-B9242995BFF8}"
EndProject
Project("{FAE04EC0-301F-11D3-BF4B-00C04F79EFBC}") = "leaktest", "tests\leaktest\leaktest.csproj", "{33D1E7E3-A123-43F0-B047-163C6E75D3BF}"
EndProject
Project("{FAE04EC0-301F-11D3-BF4B-00C04F79EFBC}") = "managed-ios", "tests\managed\ios\managed-ios.csproj", "{0D7BFE1A-730A-48B0-A99A-F6E6A6C134DC}"
EndProject
Project("{FAE04EC0-301F-11D3-BF4B-00C04F79EFBC}") = "managed-macos-system", "tests\managed\macos-system\managed-macos-system.csproj", "{73636472-C245-4F57-9229-1DB22D643DFD}"
EndProject
Project("{FAE04EC0-301F-11D3-BF4B-00C04F79EFBC}") = "managed-macos-full", "tests\managed\macos-full\managed-macos-full.csproj", "{8846BDE1-3377-4BED-BAB4-820F5CDF6D37}"
EndProject
Project("{FAE04EC0-301F-11D3-BF4B-00C04F79EFBC}") = "managed-macos-modern", "tests\managed\macos-modern\managed-macos-modern.csproj", "{1A66B3FB-3482-4981-B3E9-2658A8773E9A}"
EndProject
Project("{9A19103F-16F7-4668-BE54-9A1E7A4F7556}") = "managed-netstandard", "tests\managed\netstandard\managed-netstandard.csproj", "{76C06121-9565-438F-A750-024641D9CDF2}"
EndProject
Project("{FAE04EC0-301F-11D3-BF4B-00C04F79EFBC}") = "objcgen", "objcgen\objcgen.csproj", "{C166803B-011F-4EAF-B8C2-D7DBBA3CF1EC}"
EndProject
Project("{D954291E-2A0B-460D-934E-DC6B0785DB48}") = "fsharp-shared", "tests\managed\fsharp-shared\fsharp-shared.shproj", "{B46AC5CA-D13A-4F82-8A83-76B32F2F74EF}"
EndProject
Project("{F2A71F9B-5D33-465A-A702-920D77279786}") = "fsharp-generic", "tests\managed\fsharp-generic\fsharp-generic.fsproj", "{1D70C6B6-B63D-49F3-AC02-E6F93BAA4377}"
EndProject
Global
	GlobalSection(SharedMSBuildProjectFiles) = preSolution
		tests\managed\managed-shared.projitems*{0d7bfe1a-730a-48b0-a99a-f6e6a6c134dc}*SharedItemsImports = 4
		tests\managed\managed-shared.projitems*{10e2d025-ded3-490d-8ec6-e99b30fe3e4f}*SharedItemsImports = 4
		tests\managed\managed-shared.projitems*{1a66b3fb-3482-4981-b3e9-2658a8773e9a}*SharedItemsImports = 4
		tests\managed\managed-shared.projitems*{43b5c8ac-74c4-4eb4-af2d-c62e36f41379}*SharedItemsImports = 4
		tests\managed\managed-shared.projitems*{73636472-c245-4f57-9229-1db22d643dfd}*SharedItemsImports = 4
		tests\managed\managed-shared.projitems*{8846bde1-3377-4bed-bab4-820f5cdf6d37}*SharedItemsImports = 4
		tests\managed\managed-shared.projitems*{c75d4267-5757-4078-bcf4-7136be033e96}*SharedItemsImports = 13
		tests\managed\managed-shared.projitems*{d56a7e3f-ff5c-4ec2-879f-1260abbd1903}*SharedItemsImports = 4
	EndGlobalSection
	GlobalSection(SolutionConfigurationPlatforms) = preSolution
		Debug|x86 = Debug|x86
		Release|x86 = Release|x86
	EndGlobalSection
	GlobalSection(ProjectConfigurationPlatforms) = postSolution
		{D56A7E3F-FF5C-4EC2-879F-1260ABBD1903}.Debug|x86.ActiveCfg = Debug|x86
		{D56A7E3F-FF5C-4EC2-879F-1260ABBD1903}.Debug|x86.Build.0 = Debug|x86
		{D56A7E3F-FF5C-4EC2-879F-1260ABBD1903}.Release|x86.ActiveCfg = Release|x86
		{D56A7E3F-FF5C-4EC2-879F-1260ABBD1903}.Release|x86.Build.0 = Release|x86
		{43B5C8AC-74C4-4EB4-AF2D-C62E36F41379}.Debug|x86.ActiveCfg = Debug|Any CPU
		{43B5C8AC-74C4-4EB4-AF2D-C62E36F41379}.Debug|x86.Build.0 = Debug|Any CPU
		{43B5C8AC-74C4-4EB4-AF2D-C62E36F41379}.Release|x86.ActiveCfg = Release|Any CPU
		{43B5C8AC-74C4-4EB4-AF2D-C62E36F41379}.Release|x86.Build.0 = Release|Any CPU
		{10E2D025-DED3-490D-8EC6-E99B30FE3E4F}.Debug|x86.ActiveCfg = Debug|Any CPU
		{10E2D025-DED3-490D-8EC6-E99B30FE3E4F}.Debug|x86.Build.0 = Debug|Any CPU
		{10E2D025-DED3-490D-8EC6-E99B30FE3E4F}.Release|x86.ActiveCfg = Release|Any CPU
		{10E2D025-DED3-490D-8EC6-E99B30FE3E4F}.Release|x86.Build.0 = Release|Any CPU
		{8B817EDA-6575-4C17-8255-85652BDD1366}.Debug|x86.ActiveCfg = Debug|x86
		{8B817EDA-6575-4C17-8255-85652BDD1366}.Debug|x86.Build.0 = Debug|x86
		{8B817EDA-6575-4C17-8255-85652BDD1366}.Release|x86.ActiveCfg = Release|x86
		{8B817EDA-6575-4C17-8255-85652BDD1366}.Release|x86.Build.0 = Release|x86
		{E46AB94E-5081-B7E4-99F8-4206054E886C}.Debug|x86.ActiveCfg = Debug|x86
		{E46AB94E-5081-B7E4-99F8-4206054E886C}.Debug|x86.Build.0 = Debug|x86
		{E46AB94E-5081-B7E4-99F8-4206054E886C}.Release|x86.ActiveCfg = Release|x86
		{E46AB94E-5081-B7E4-99F8-4206054E886C}.Release|x86.Build.0 = Release|x86
		{83A10A50-EF0D-C64A-B801-5EA8242DE8B2}.Debug|x86.ActiveCfg = Debug|x86
		{83A10A50-EF0D-C64A-B801-5EA8242DE8B2}.Debug|x86.Build.0 = Debug|x86
		{83A10A50-EF0D-C64A-B801-5EA8242DE8B2}.Release|x86.ActiveCfg = Release|x86
		{83A10A50-EF0D-C64A-B801-5EA8242DE8B2}.Release|x86.Build.0 = Release|x86
		{95A93EAD-0135-AC71-0A46-2F6676500872}.Debug|x86.ActiveCfg = Debug|x86
		{95A93EAD-0135-AC71-0A46-2F6676500872}.Debug|x86.Build.0 = Debug|x86
		{95A93EAD-0135-AC71-0A46-2F6676500872}.Release|x86.ActiveCfg = Release|x86
		{95A93EAD-0135-AC71-0A46-2F6676500872}.Release|x86.Build.0 = Release|x86
		{F329EB84-DFF7-DE8A-C88B-4FB1B4F8BAEF}.Debug|x86.ActiveCfg = Debug|x86
		{F329EB84-DFF7-DE8A-C88B-4FB1B4F8BAEF}.Debug|x86.Build.0 = Debug|x86
		{F329EB84-DFF7-DE8A-C88B-4FB1B4F8BAEF}.Release|x86.ActiveCfg = Release|x86
		{F329EB84-DFF7-DE8A-C88B-4FB1B4F8BAEF}.Release|x86.Build.0 = Release|x86
		{C600C309-B2CD-1D15-DBE6-0BBDC71253A3}.Debug|x86.ActiveCfg = Debug|x86
		{C600C309-B2CD-1D15-DBE6-0BBDC71253A3}.Debug|x86.Build.0 = Debug|x86
		{C600C309-B2CD-1D15-DBE6-0BBDC71253A3}.Release|x86.ActiveCfg = Release|x86
		{C600C309-B2CD-1D15-DBE6-0BBDC71253A3}.Release|x86.Build.0 = Release|x86
		{BC4C5C41-A8AF-EBE5-5135-249C3D77B768}.Debug|x86.ActiveCfg = Debug|x86
		{BC4C5C41-A8AF-EBE5-5135-249C3D77B768}.Debug|x86.Build.0 = Debug|x86
		{BC4C5C41-A8AF-EBE5-5135-249C3D77B768}.Release|x86.ActiveCfg = Release|x86
		{BC4C5C41-A8AF-EBE5-5135-249C3D77B768}.Release|x86.Build.0 = Release|x86
		{1BD1FEC4-07B5-BF1A-7015-BA6D5C18AA9C}.Debug|x86.ActiveCfg = Debug|x86
		{1BD1FEC4-07B5-BF1A-7015-BA6D5C18AA9C}.Debug|x86.Build.0 = Debug|x86
		{1BD1FEC4-07B5-BF1A-7015-BA6D5C18AA9C}.Release|x86.ActiveCfg = Release|x86
		{1BD1FEC4-07B5-BF1A-7015-BA6D5C18AA9C}.Release|x86.Build.0 = Release|x86
		{70148081-5C0E-A9D3-457B-3FE431140F40}.Debug|x86.ActiveCfg = Debug|x86
		{70148081-5C0E-A9D3-457B-3FE431140F40}.Debug|x86.Build.0 = Debug|x86
		{70148081-5C0E-A9D3-457B-3FE431140F40}.Release|x86.ActiveCfg = Release|x86
		{70148081-5C0E-A9D3-457B-3FE431140F40}.Release|x86.Build.0 = Release|x86
		{C105FD61-2D91-6A26-36A2-ED1AA2ACC626}.Debug|x86.ActiveCfg = Debug|x86
		{C105FD61-2D91-6A26-36A2-ED1AA2ACC626}.Debug|x86.Build.0 = Debug|x86
		{C105FD61-2D91-6A26-36A2-ED1AA2ACC626}.Release|x86.ActiveCfg = Release|x86
		{C105FD61-2D91-6A26-36A2-ED1AA2ACC626}.Release|x86.Build.0 = Release|x86
		{189FF169-0498-10BC-2DCA-F5401922F0C7}.Debug|x86.ActiveCfg = Debug|x86
		{189FF169-0498-10BC-2DCA-F5401922F0C7}.Debug|x86.Build.0 = Debug|x86
		{189FF169-0498-10BC-2DCA-F5401922F0C7}.Release|x86.ActiveCfg = Release|x86
		{189FF169-0498-10BC-2DCA-F5401922F0C7}.Release|x86.Build.0 = Release|x86
		{558BCEC3-1B1F-4DEC-AF4C-47B404A05DE6}.Debug|x86.ActiveCfg = Debug|Any CPU
		{558BCEC3-1B1F-4DEC-AF4C-47B404A05DE6}.Debug|x86.Build.0 = Debug|Any CPU
		{558BCEC3-1B1F-4DEC-AF4C-47B404A05DE6}.Release|x86.ActiveCfg = Release|Any CPU
		{558BCEC3-1B1F-4DEC-AF4C-47B404A05DE6}.Release|x86.Build.0 = Release|Any CPU
		{73C4FAF0-C37A-4CEE-A3F3-B1F80748D5B2}.Debug|x86.ActiveCfg = Debug|Any CPU
		{73C4FAF0-C37A-4CEE-A3F3-B1F80748D5B2}.Debug|x86.Build.0 = Debug|Any CPU
		{73C4FAF0-C37A-4CEE-A3F3-B1F80748D5B2}.Release|x86.ActiveCfg = Release|Any CPU
		{73C4FAF0-C37A-4CEE-A3F3-B1F80748D5B2}.Release|x86.Build.0 = Release|Any CPU
		{076A871B-0C13-47D8-8923-B9242995BFF8}.Debug|x86.ActiveCfg = Debug|x86
		{076A871B-0C13-47D8-8923-B9242995BFF8}.Debug|x86.Build.0 = Debug|x86
		{076A871B-0C13-47D8-8923-B9242995BFF8}.Release|x86.ActiveCfg = Release|x86
		{076A871B-0C13-47D8-8923-B9242995BFF8}.Release|x86.Build.0 = Release|x86
		{33D1E7E3-A123-43F0-B047-163C6E75D3BF}.Debug|x86.ActiveCfg = Debug|x86
		{33D1E7E3-A123-43F0-B047-163C6E75D3BF}.Debug|x86.Build.0 = Debug|x86
		{33D1E7E3-A123-43F0-B047-163C6E75D3BF}.Release|x86.ActiveCfg = Release|x86
		{33D1E7E3-A123-43F0-B047-163C6E75D3BF}.Release|x86.Build.0 = Release|x86
		{0D7BFE1A-730A-48B0-A99A-F6E6A6C134DC}.Debug|x86.ActiveCfg = Debug|x86
		{0D7BFE1A-730A-48B0-A99A-F6E6A6C134DC}.Debug|x86.Build.0 = Debug|x86
		{0D7BFE1A-730A-48B0-A99A-F6E6A6C134DC}.Release|x86.ActiveCfg = Release|x86
		{0D7BFE1A-730A-48B0-A99A-F6E6A6C134DC}.Release|x86.Build.0 = Release|x86
		{73636472-C245-4F57-9229-1DB22D643DFD}.Debug|x86.ActiveCfg = Debug|x86
		{73636472-C245-4F57-9229-1DB22D643DFD}.Debug|x86.Build.0 = Debug|x86
		{73636472-C245-4F57-9229-1DB22D643DFD}.Release|x86.ActiveCfg = Release|x86
		{73636472-C245-4F57-9229-1DB22D643DFD}.Release|x86.Build.0 = Release|x86
		{8846BDE1-3377-4BED-BAB4-820F5CDF6D37}.Debug|x86.ActiveCfg = Debug|x86
		{8846BDE1-3377-4BED-BAB4-820F5CDF6D37}.Debug|x86.Build.0 = Debug|x86
		{8846BDE1-3377-4BED-BAB4-820F5CDF6D37}.Release|x86.ActiveCfg = Release|x86
		{8846BDE1-3377-4BED-BAB4-820F5CDF6D37}.Release|x86.Build.0 = Release|x86
		{1A66B3FB-3482-4981-B3E9-2658A8773E9A}.Debug|x86.ActiveCfg = Debug|x86
		{1A66B3FB-3482-4981-B3E9-2658A8773E9A}.Debug|x86.Build.0 = Debug|x86
		{1A66B3FB-3482-4981-B3E9-2658A8773E9A}.Release|x86.ActiveCfg = Release|x86
		{1A66B3FB-3482-4981-B3E9-2658A8773E9A}.Release|x86.Build.0 = Release|x86
		{76C06121-9565-438F-A750-024641D9CDF2}.Debug|x86.ActiveCfg = Debug|Any CPU
		{76C06121-9565-438F-A750-024641D9CDF2}.Debug|x86.Build.0 = Debug|Any CPU
		{76C06121-9565-438F-A750-024641D9CDF2}.Release|x86.ActiveCfg = Release|Any CPU
		{76C06121-9565-438F-A750-024641D9CDF2}.Release|x86.Build.0 = Release|Any CPU
		{C166803B-011F-4EAF-B8C2-D7DBBA3CF1EC}.Debug|x86.ActiveCfg = Debug|x86
		{C166803B-011F-4EAF-B8C2-D7DBBA3CF1EC}.Debug|x86.Build.0 = Debug|x86
		{C166803B-011F-4EAF-B8C2-D7DBBA3CF1EC}.Release|x86.ActiveCfg = Release|x86
		{C166803B-011F-4EAF-B8C2-D7DBBA3CF1EC}.Release|x86.Build.0 = Release|x86
		{B46AC5CA-D13A-4F82-8A83-76B32F2F74EF}.Debug|x86.ActiveCfg = Debug|Any CPU
		{B46AC5CA-D13A-4F82-8A83-76B32F2F74EF}.Debug|x86.Build.0 = Debug|Any CPU
		{B46AC5CA-D13A-4F82-8A83-76B32F2F74EF}.Release|x86.ActiveCfg = Release|Any CPU
		{B46AC5CA-D13A-4F82-8A83-76B32F2F74EF}.Release|x86.Build.0 = Release|Any CPU
		{1D70C6B6-B63D-49F3-AC02-E6F93BAA4377}.Debug|x86.ActiveCfg = Debug|Any CPU
		{1D70C6B6-B63D-49F3-AC02-E6F93BAA4377}.Debug|x86.Build.0 = Debug|Any CPU
		{1D70C6B6-B63D-49F3-AC02-E6F93BAA4377}.Release|x86.ActiveCfg = Release|Any CPU
		{1D70C6B6-B63D-49F3-AC02-E6F93BAA4377}.Release|x86.Build.0 = Release|Any CPU
	EndGlobalSection
	GlobalSection(SolutionProperties) = preSolution
		HideSolutionNode = FALSE
	EndGlobalSection
	GlobalSection(NestedProjects) = preSolution
		{C75D4267-5757-4078-BCF4-7136BE033E96} = {21776062-DBDA-4408-BF22-9DCB2682DCBC}
		{D56A7E3F-FF5C-4EC2-879F-1260ABBD1903} = {21776062-DBDA-4408-BF22-9DCB2682DCBC}
		{43B5C8AC-74C4-4EB4-AF2D-C62E36F41379} = {21776062-DBDA-4408-BF22-9DCB2682DCBC}
		{10E2D025-DED3-490D-8EC6-E99B30FE3E4F} = {21776062-DBDA-4408-BF22-9DCB2682DCBC}
		{8B817EDA-6575-4C17-8255-85652BDD1366} = {21776062-DBDA-4408-BF22-9DCB2682DCBC}
		{83A10A50-EF0D-C64A-B801-5EA8242DE8B2} = {7B2816C2-7370-43B2-820E-FC9C798429BB}
		{95A93EAD-0135-AC71-0A46-2F6676500872} = {7B2816C2-7370-43B2-820E-FC9C798429BB}
		{F329EB84-DFF7-DE8A-C88B-4FB1B4F8BAEF} = {7B2816C2-7370-43B2-820E-FC9C798429BB}
		{C600C309-B2CD-1D15-DBE6-0BBDC71253A3} = {7B2816C2-7370-43B2-820E-FC9C798429BB}
		{BC4C5C41-A8AF-EBE5-5135-249C3D77B768} = {7B2816C2-7370-43B2-820E-FC9C798429BB}
		{1BD1FEC4-07B5-BF1A-7015-BA6D5C18AA9C} = {7B2816C2-7370-43B2-820E-FC9C798429BB}
		{70148081-5C0E-A9D3-457B-3FE431140F40} = {7B2816C2-7370-43B2-820E-FC9C798429BB}
		{C105FD61-2D91-6A26-36A2-ED1AA2ACC626} = {7B2816C2-7370-43B2-820E-FC9C798429BB}
		{189FF169-0498-10BC-2DCA-F5401922F0C7} = {7B2816C2-7370-43B2-820E-FC9C798429BB}
		{558BCEC3-1B1F-4DEC-AF4C-47B404A05DE6} = {21776062-DBDA-4408-BF22-9DCB2682DCBC}
		{73C4FAF0-C37A-4CEE-A3F3-B1F80748D5B2} = {21776062-DBDA-4408-BF22-9DCB2682DCBC}
		{076A871B-0C13-47D8-8923-B9242995BFF8} = {21776062-DBDA-4408-BF22-9DCB2682DCBC}
		{33D1E7E3-A123-43F0-B047-163C6E75D3BF} = {21776062-DBDA-4408-BF22-9DCB2682DCBC}
		{0D7BFE1A-730A-48B0-A99A-F6E6A6C134DC} = {21776062-DBDA-4408-BF22-9DCB2682DCBC}
		{73636472-C245-4F57-9229-1DB22D643DFD} = {21776062-DBDA-4408-BF22-9DCB2682DCBC}
		{8846BDE1-3377-4BED-BAB4-820F5CDF6D37} = {21776062-DBDA-4408-BF22-9DCB2682DCBC}
		{1A66B3FB-3482-4981-B3E9-2658A8773E9A} = {21776062-DBDA-4408-BF22-9DCB2682DCBC}
		{76C06121-9565-438F-A750-024641D9CDF2} = {21776062-DBDA-4408-BF22-9DCB2682DCBC}
		{B46AC5CA-D13A-4F82-8A83-76B32F2F74EF} = {21776062-DBDA-4408-BF22-9DCB2682DCBC}
	EndGlobalSection
	GlobalSection(ExtensibilityGlobals) = postSolution
		SolutionGuid = {78F95262-4DFA-46E0-A960-76E85835E0F1}
	EndGlobalSection
EndGlobal
