
Microsoft Visual Studio Solution File, Format Version 12.00
# Visual Studio 2012
Project("{FAE04EC0-301F-11D3-BF4B-00C04F79EFBC}") = "objcgen", "objcgen\objcgen.csproj", "{C166803B-011F-4EAF-B8C2-D7DBBA3CF1EC}"
EndProject
Project("{2150E333-8FDC-42A3-9474-1A3956D46DE8}") = "tests", "tests", "{21776062-DBDA-4408-BF22-9DCB2682DCBC}"
EndProject
Project("{FAE04EC0-301F-11D3-BF4B-00C04F79EFBC}") = "objcgentest", "tests\objcgentest\objcgentest.csproj", "{076A871B-0C13-47D8-8923-B9242995BFF8}"
EndProject
Project("{FAE04EC0-301F-11D3-BF4B-00C04F79EFBC}") = "leaktest", "tests\leaktest\leaktest.csproj", "{33D1E7E3-A123-43F0-B047-163C6E75D3BF}"
EndProject
Project("{D954291E-2A0B-460D-934E-DC6B0785DB48}") = "managed-shared", "tests\managed\managed-shared.shproj", "{C75D4267-5757-4078-BCF4-7136BE033E96}"
EndProject
Project("{FAE04EC0-301F-11D3-BF4B-00C04F79EFBC}") = "managed-generic", "tests\managed\generic\managed-generic.csproj", "{D56A7E3F-FF5C-4EC2-879F-1260ABBD1903}"
EndProject
Project("{FAE04EC0-301F-11D3-BF4B-00C04F79EFBC}") = "managed-ios", "tests\managed\ios\managed-ios.csproj", "{0D7BFE1A-730A-48B0-A99A-F6E6A6C134DC}"
EndProject
Project("{FAE04EC0-301F-11D3-BF4B-00C04F79EFBC}") = "managedwarn", "tests\managedwarn\managedwarn.csproj", "{73C4FAF0-C37A-4CEE-A3F3-B1F80748D5B2}"
EndProject
Project("{FAE04EC0-301F-11D3-BF4B-00C04F79EFBC}") = "managed-macos-system", "tests\managed\macos-system\managed-macos-system.csproj", "{73636472-C245-4F57-9229-1DB22D643DFD}"
EndProject
Project("{FAE04EC0-301F-11D3-BF4B-00C04F79EFBC}") = "managed-macos-full", "tests\managed\macos-full\managed-macos-full.csproj", "{8846BDE1-3377-4BED-BAB4-820F5CDF6D37}"
EndProject
Project("{FAE04EC0-301F-11D3-BF4B-00C04F79EFBC}") = "managed-macos-modern", "tests\managed\macos-modern\managed-macos-modern.csproj", "{1A66B3FB-3482-4981-B3E9-2658A8773E9A}"
EndProject
Global
	GlobalSection(SolutionConfigurationPlatforms) = preSolution
		Debug|x86 = Debug|x86
		Release|x86 = Release|x86
	EndGlobalSection
	GlobalSection(ProjectConfigurationPlatforms) = postSolution
		{C166803B-011F-4EAF-B8C2-D7DBBA3CF1EC}.Debug|x86.ActiveCfg = Debug|x86
		{C166803B-011F-4EAF-B8C2-D7DBBA3CF1EC}.Debug|x86.Build.0 = Debug|x86
		{C166803B-011F-4EAF-B8C2-D7DBBA3CF1EC}.Release|x86.ActiveCfg = Release|x86
		{C166803B-011F-4EAF-B8C2-D7DBBA3CF1EC}.Release|x86.Build.0 = Release|x86
		{076A871B-0C13-47D8-8923-B9242995BFF8}.Debug|x86.ActiveCfg = Debug|x86
		{076A871B-0C13-47D8-8923-B9242995BFF8}.Debug|x86.Build.0 = Debug|x86
		{076A871B-0C13-47D8-8923-B9242995BFF8}.Release|x86.ActiveCfg = Release|x86
		{076A871B-0C13-47D8-8923-B9242995BFF8}.Release|x86.Build.0 = Release|x86
		{33D1E7E3-A123-43F0-B047-163C6E75D3BF}.Debug|x86.ActiveCfg = Debug|x86
		{33D1E7E3-A123-43F0-B047-163C6E75D3BF}.Debug|x86.Build.0 = Debug|x86
		{33D1E7E3-A123-43F0-B047-163C6E75D3BF}.Release|x86.ActiveCfg = Release|x86
		{33D1E7E3-A123-43F0-B047-163C6E75D3BF}.Release|x86.Build.0 = Release|x86
		{D56A7E3F-FF5C-4EC2-879F-1260ABBD1903}.Debug|x86.ActiveCfg = Debug|Any CPU
		{D56A7E3F-FF5C-4EC2-879F-1260ABBD1903}.Debug|x86.Build.0 = Debug|Any CPU
		{D56A7E3F-FF5C-4EC2-879F-1260ABBD1903}.Release|x86.ActiveCfg = Release|Any CPU
		{D56A7E3F-FF5C-4EC2-879F-1260ABBD1903}.Release|x86.Build.0 = Release|Any CPU
		{0D7BFE1A-730A-48B0-A99A-F6E6A6C134DC}.Debug|x86.ActiveCfg = Debug|Any CPU
		{0D7BFE1A-730A-48B0-A99A-F6E6A6C134DC}.Debug|x86.Build.0 = Debug|Any CPU
		{0D7BFE1A-730A-48B0-A99A-F6E6A6C134DC}.Release|x86.ActiveCfg = Release|Any CPU
		{0D7BFE1A-730A-48B0-A99A-F6E6A6C134DC}.Release|x86.Build.0 = Release|Any CPU
		{73C4FAF0-C37A-4CEE-A3F3-B1F80748D5B2}.Debug|x86.ActiveCfg = Debug|Any CPU
		{73C4FAF0-C37A-4CEE-A3F3-B1F80748D5B2}.Debug|x86.Build.0 = Debug|Any CPU
		{73C4FAF0-C37A-4CEE-A3F3-B1F80748D5B2}.Release|x86.ActiveCfg = Release|Any CPU
		{73C4FAF0-C37A-4CEE-A3F3-B1F80748D5B2}.Release|x86.Build.0 = Release|Any CPU
		{D56A7E3F-FF5C-4EC2-879F-1260ABBD1903}.Debug|x86.ActiveCfg = Debug|x86
		{D56A7E3F-FF5C-4EC2-879F-1260ABBD1903}.Debug|x86.Build.0 = Debug|x86
		{D56A7E3F-FF5C-4EC2-879F-1260ABBD1903}.Release|x86.ActiveCfg = Release|x86
		{D56A7E3F-FF5C-4EC2-879F-1260ABBD1903}.Release|x86.Build.0 = Release|x86
		{0D7BFE1A-730A-48B0-A99A-F6E6A6C134DC}.Debug|x86.ActiveCfg = Debug|x86
		{0D7BFE1A-730A-48B0-A99A-F6E6A6C134DC}.Debug|x86.Build.0 = Debug|x86
		{0D7BFE1A-730A-48B0-A99A-F6E6A6C134DC}.Release|x86.ActiveCfg = Release|x86
		{0D7BFE1A-730A-48B0-A99A-F6E6A6C134DC}.Release|x86.Build.0 = Release|x86
		{73636472-C245-4F57-9229-1DB22D643DFD}.Debug|x86.ActiveCfg = Debug|x86
		{73636472-C245-4F57-9229-1DB22D643DFD}.Debug|x86.Build.0 = Debug|x86
		{73636472-C245-4F57-9229-1DB22D643DFD}.Release|x86.ActiveCfg = Release|x86
		{73636472-C245-4F57-9229-1DB22D643DFD}.Release|x86.Build.0 = Release|x86
		{8846BDE1-3377-4BED-BAB4-820F5CDF6D37}.Debug|x86.ActiveCfg = Debug|x86
		{8846BDE1-3377-4BED-BAB4-820F5CDF6D37}.Debug|x86.Build.0 = Debug|x86
		{8846BDE1-3377-4BED-BAB4-820F5CDF6D37}.Release|x86.ActiveCfg = Release|x86
		{8846BDE1-3377-4BED-BAB4-820F5CDF6D37}.Release|x86.Build.0 = Release|x86
		{1A66B3FB-3482-4981-B3E9-2658A8773E9A}.Debug|x86.ActiveCfg = Debug|x86
		{1A66B3FB-3482-4981-B3E9-2658A8773E9A}.Debug|x86.Build.0 = Debug|x86
		{1A66B3FB-3482-4981-B3E9-2658A8773E9A}.Release|x86.ActiveCfg = Release|x86
		{1A66B3FB-3482-4981-B3E9-2658A8773E9A}.Release|x86.Build.0 = Release|x86
	EndGlobalSection
	GlobalSection(NestedProjects) = preSolution
		{076A871B-0C13-47D8-8923-B9242995BFF8} = {21776062-DBDA-4408-BF22-9DCB2682DCBC}
		{33D1E7E3-A123-43F0-B047-163C6E75D3BF} = {21776062-DBDA-4408-BF22-9DCB2682DCBC}
		{C75D4267-5757-4078-BCF4-7136BE033E96} = {21776062-DBDA-4408-BF22-9DCB2682DCBC}
		{D56A7E3F-FF5C-4EC2-879F-1260ABBD1903} = {21776062-DBDA-4408-BF22-9DCB2682DCBC}
		{0D7BFE1A-730A-48B0-A99A-F6E6A6C134DC} = {21776062-DBDA-4408-BF22-9DCB2682DCBC}
		{73C4FAF0-C37A-4CEE-A3F3-B1F80748D5B2} = {21776062-DBDA-4408-BF22-9DCB2682DCBC}
		{73636472-C245-4F57-9229-1DB22D643DFD} = {21776062-DBDA-4408-BF22-9DCB2682DCBC}
		{8846BDE1-3377-4BED-BAB4-820F5CDF6D37} = {21776062-DBDA-4408-BF22-9DCB2682DCBC}
		{1A66B3FB-3482-4981-B3E9-2658A8773E9A} = {21776062-DBDA-4408-BF22-9DCB2682DCBC}
	EndGlobalSection
EndGlobal
