// !$*UTF8*$!
{
	archiveVersion = 1;
	classes = {
	};
	objectVersion = 46;
	objects = {

/* Begin PBXBuildFile section */
		FAA132481EAA8F8100DB8A92 /* main.m in Sources */ = {isa = PBXBuildFile; fileRef = FAA132471EAA8F8100DB8A92 /* main.m */; };
		FAA132551EAA9D5F00DB8A92 /* libConstructorsLib.dylib in Frameworks */ = {isa = PBXBuildFile; fileRef = FAA132511EAA9D5E00DB8A92 /* libConstructorsLib.dylib */; };
/* End PBXBuildFile section */

/* Begin PBXCopyFilesBuildPhase section */
		FAA132421EAA8F8100DB8A92 /* CopyFiles */ = {
			isa = PBXCopyFilesBuildPhase;
			buildActionMask = 2147483647;
			dstPath = /usr/share/man/man1/;
			dstSubfolderSpec = 0;
			files = (
			);
			runOnlyForDeploymentPostprocessing = 1;
		};
/* End PBXCopyFilesBuildPhase section */

/* Begin PBXFileReference section */
		FAA132441EAA8F8100DB8A92 /* NoInitInSubclassTest */ = {isa = PBXFileReference; explicitFileType = "compiled.mach-o.executable"; includeInIndex = 0; path = NoInitInSubclassTest; sourceTree = BUILT_PRODUCTS_DIR; };
		FAA132471EAA8F8100DB8A92 /* main.m */ = {isa = PBXFileReference; lastKnownFileType = sourcecode.c.objc; path = main.m; sourceTree = "<group>"; };
		FAA1324E1EAA9D5E00DB8A92 /* bindings.h */ = {isa = PBXFileReference; fileEncoding = 4; lastKnownFileType = sourcecode.c.h; name = bindings.h; path = E4KOutput/bindings.h; sourceTree = "<group>"; };
		FAA1324F1EAA9D5E00DB8A92 /* embeddinator.h */ = {isa = PBXFileReference; fileEncoding = 4; lastKnownFileType = sourcecode.c.h; name = embeddinator.h; path = E4KOutput/embeddinator.h; sourceTree = "<group>"; };
		FAA132501EAA9D5E00DB8A92 /* glib.h */ = {isa = PBXFileReference; fileEncoding = 4; lastKnownFileType = sourcecode.c.h; name = glib.h; path = E4KOutput/glib.h; sourceTree = "<group>"; };
		FAA132511EAA9D5E00DB8A92 /* libConstructorsLib.dylib */ = {isa = PBXFileReference; lastKnownFileType = "compiled.mach-o.dylib"; name = libConstructorsLib.dylib; path = E4KOutput/libConstructorsLib.dylib; sourceTree = "<group>"; };
		FAA132521EAA9D5E00DB8A92 /* mono_embeddinator.h */ = {isa = PBXFileReference; fileEncoding = 4; lastKnownFileType = sourcecode.c.h; name = mono_embeddinator.h; path = E4KOutput/mono_embeddinator.h; sourceTree = "<group>"; };
		FAA132531EAA9D5F00DB8A92 /* mono-support.h */ = {isa = PBXFileReference; fileEncoding = 4; lastKnownFileType = sourcecode.c.h; name = "mono-support.h"; path = "E4KOutput/mono-support.h"; sourceTree = "<group>"; };
		FAA132541EAA9D5F00DB8A92 /* objc-support.h */ = {isa = PBXFileReference; fileEncoding = 4; lastKnownFileType = sourcecode.c.h; name = "objc-support.h"; path = "E4KOutput/objc-support.h"; sourceTree = "<group>"; };
/* End PBXFileReference section */

/* Begin PBXFrameworksBuildPhase section */
		FAA132411EAA8F8100DB8A92 /* Frameworks */ = {
			isa = PBXFrameworksBuildPhase;
			buildActionMask = 2147483647;
			files = (
				FAA132551EAA9D5F00DB8A92 /* libConstructorsLib.dylib in Frameworks */,
			);
			runOnlyForDeploymentPostprocessing = 0;
		};
/* End PBXFrameworksBuildPhase section */

/* Begin PBXGroup section */
		FAA1323B1EAA8F8100DB8A92 = {
			isa = PBXGroup;
			children = (
				FAA132561EAA9D6D00DB8A92 /* E4KOutput */,
				FAA132461EAA8F8100DB8A92 /* NoInitInSubclassTest */,
				FAA132451EAA8F8100DB8A92 /* Products */,
			);
			sourceTree = "<group>";
		};
		FAA132451EAA8F8100DB8A92 /* Products */ = {
			isa = PBXGroup;
			children = (
				FAA132441EAA8F8100DB8A92 /* NoInitInSubclassTest */,
			);
			name = Products;
			sourceTree = "<group>";
		};
		FAA132461EAA8F8100DB8A92 /* NoInitInSubclassTest */ = {
			isa = PBXGroup;
			children = (
				FAA132471EAA8F8100DB8A92 /* main.m */,
			);
			path = NoInitInSubclassTest;
			sourceTree = "<group>";
		};
		FAA132561EAA9D6D00DB8A92 /* E4KOutput */ = {
			isa = PBXGroup;
			children = (
				FAA1324E1EAA9D5E00DB8A92 /* bindings.h */,
				FAA1324F1EAA9D5E00DB8A92 /* embeddinator.h */,
				FAA132501EAA9D5E00DB8A92 /* glib.h */,
				FAA132511EAA9D5E00DB8A92 /* libConstructorsLib.dylib */,
				FAA132521EAA9D5E00DB8A92 /* mono_embeddinator.h */,
				FAA132531EAA9D5F00DB8A92 /* mono-support.h */,
				FAA132541EAA9D5F00DB8A92 /* objc-support.h */,
			);
			name = E4KOutput;
			sourceTree = "<group>";
		};
/* End PBXGroup section */

/* Begin PBXNativeTarget section */
		FAA132431EAA8F8100DB8A92 /* NoInitInSubclassTest */ = {
			isa = PBXNativeTarget;
			buildConfigurationList = FAA1324B1EAA8F8100DB8A92 /* Build configuration list for PBXNativeTarget "NoInitInSubclassTest" */;
			buildPhases = (
				FAA132401EAA8F8100DB8A92 /* Sources */,
				FAA132411EAA8F8100DB8A92 /* Frameworks */,
				FAA132421EAA8F8100DB8A92 /* CopyFiles */,
			);
			buildRules = (
			);
			dependencies = (
			);
			name = NoInitInSubclassTest;
			productName = NoInitInSubclassTest;
			productReference = FAA132441EAA8F8100DB8A92 /* NoInitInSubclassTest */;
			productType = "com.apple.product-type.tool";
		};
/* End PBXNativeTarget section */

/* Begin PBXProject section */
		FAA1323C1EAA8F8100DB8A92 /* Project object */ = {
			isa = PBXProject;
			attributes = {
				LastUpgradeCheck = 0830;
				ORGANIZATIONNAME = Xamarin;
				TargetAttributes = {
					FAA132431EAA8F8100DB8A92 = {
						CreatedOnToolsVersion = 8.3.2;
						DevelopmentTeam = V3QVSW8GNL;
						ProvisioningStyle = Automatic;
					};
				};
			};
			buildConfigurationList = FAA1323F1EAA8F8100DB8A92 /* Build configuration list for PBXProject "NoInitInSubclassTest" */;
			compatibilityVersion = "Xcode 3.2";
			developmentRegion = English;
			hasScannedForEncodings = 0;
			knownRegions = (
				en,
			);
			mainGroup = FAA1323B1EAA8F8100DB8A92;
			productRefGroup = FAA132451EAA8F8100DB8A92 /* Products */;
			projectDirPath = "";
			projectRoot = "";
			targets = (
				FAA132431EAA8F8100DB8A92 /* NoInitInSubclassTest */,
			);
		};
/* End PBXProject section */

/* Begin PBXSourcesBuildPhase section */
		FAA132401EAA8F8100DB8A92 /* Sources */ = {
			isa = PBXSourcesBuildPhase;
			buildActionMask = 2147483647;
			files = (
				FAA132481EAA8F8100DB8A92 /* main.m in Sources */,
			);
			runOnlyForDeploymentPostprocessing = 0;
		};
/* End PBXSourcesBuildPhase section */

/* Begin XCBuildConfiguration section */
		FAA132491EAA8F8100DB8A92 /* Debug */ = {
			isa = XCBuildConfiguration;
			buildSettings = {
				ALWAYS_SEARCH_USER_PATHS = NO;
				CLANG_ANALYZER_NONNULL = YES;
				CLANG_ANALYZER_NUMBER_OBJECT_CONVERSION = YES_AGGRESSIVE;
				CLANG_CXX_LANGUAGE_STANDARD = "gnu++0x";
				CLANG_CXX_LIBRARY = "libc++";
				CLANG_ENABLE_MODULES = YES;
				CLANG_ENABLE_OBJC_ARC = YES;
				CLANG_WARN_BOOL_CONVERSION = YES;
				CLANG_WARN_CONSTANT_CONVERSION = YES;
				CLANG_WARN_DIRECT_OBJC_ISA_USAGE = YES_ERROR;
				CLANG_WARN_DOCUMENTATION_COMMENTS = YES;
				CLANG_WARN_EMPTY_BODY = YES;
				CLANG_WARN_ENUM_CONVERSION = YES;
				CLANG_WARN_INFINITE_RECURSION = YES;
				CLANG_WARN_INT_CONVERSION = YES;
				CLANG_WARN_OBJC_ROOT_CLASS = YES_ERROR;
				CLANG_WARN_SUSPICIOUS_MOVE = YES;
				CLANG_WARN_UNREACHABLE_CODE = YES;
				CLANG_WARN__DUPLICATE_METHOD_MATCH = YES;
				CODE_SIGN_IDENTITY = "-";
				COPY_PHASE_STRIP = NO;
				DEBUG_INFORMATION_FORMAT = dwarf;
				ENABLE_STRICT_OBJC_MSGSEND = YES;
				ENABLE_TESTABILITY = YES;
				GCC_C_LANGUAGE_STANDARD = gnu99;
				GCC_DYNAMIC_NO_PIC = NO;
				GCC_NO_COMMON_BLOCKS = YES;
				GCC_OPTIMIZATION_LEVEL = 0;
				GCC_PREPROCESSOR_DEFINITIONS = (
					"DEBUG=1",
					"$(inherited)",
				);
				GCC_WARN_64_TO_32_BIT_CONVERSION = YES;
				GCC_WARN_ABOUT_RETURN_TYPE = YES_ERROR;
				GCC_WARN_UNDECLARED_SELECTOR = YES;
				GCC_WARN_UNINITIALIZED_AUTOS = YES_AGGRESSIVE;
				GCC_WARN_UNUSED_FUNCTION = YES;
				GCC_WARN_UNUSED_VARIABLE = YES;
				MACOSX_DEPLOYMENT_TARGET = 10.12;
				MTL_ENABLE_DEBUG_INFO = YES;
				ONLY_ACTIVE_ARCH = YES;
				SDKROOT = macosx;
			};
			name = Debug;
		};
		FAA1324A1EAA8F8100DB8A92 /* Release */ = {
			isa = XCBuildConfiguration;
			buildSettings = {
				ALWAYS_SEARCH_USER_PATHS = NO;
				CLANG_ANALYZER_NONNULL = YES;
				CLANG_ANALYZER_NUMBER_OBJECT_CONVERSION = YES_AGGRESSIVE;
				CLANG_CXX_LANGUAGE_STANDARD = "gnu++0x";
				CLANG_CXX_LIBRARY = "libc++";
				CLANG_ENABLE_MODULES = YES;
				CLANG_ENABLE_OBJC_ARC = YES;
				CLANG_WARN_BOOL_CONVERSION = YES;
				CLANG_WARN_CONSTANT_CONVERSION = YES;
				CLANG_WARN_DIRECT_OBJC_ISA_USAGE = YES_ERROR;
				CLANG_WARN_DOCUMENTATION_COMMENTS = YES;
				CLANG_WARN_EMPTY_BODY = YES;
				CLANG_WARN_ENUM_CONVERSION = YES;
				CLANG_WARN_INFINITE_RECURSION = YES;
				CLANG_WARN_INT_CONVERSION = YES;
				CLANG_WARN_OBJC_ROOT_CLASS = YES_ERROR;
				CLANG_WARN_SUSPICIOUS_MOVE = YES;
				CLANG_WARN_UNREACHABLE_CODE = YES;
				CLANG_WARN__DUPLICATE_METHOD_MATCH = YES;
				CODE_SIGN_IDENTITY = "-";
				COPY_PHASE_STRIP = NO;
				DEBUG_INFORMATION_FORMAT = "dwarf-with-dsym";
				ENABLE_NS_ASSERTIONS = NO;
				ENABLE_STRICT_OBJC_MSGSEND = YES;
				GCC_C_LANGUAGE_STANDARD = gnu99;
				GCC_NO_COMMON_BLOCKS = YES;
				GCC_WARN_64_TO_32_BIT_CONVERSION = YES;
				GCC_WARN_ABOUT_RETURN_TYPE = YES_ERROR;
				GCC_WARN_UNDECLARED_SELECTOR = YES;
				GCC_WARN_UNINITIALIZED_AUTOS = YES_AGGRESSIVE;
				GCC_WARN_UNUSED_FUNCTION = YES;
				GCC_WARN_UNUSED_VARIABLE = YES;
				MACOSX_DEPLOYMENT_TARGET = 10.12;
				MTL_ENABLE_DEBUG_INFO = NO;
				SDKROOT = macosx;
			};
			name = Release;
		};
		FAA1324C1EAA8F8100DB8A92 /* Debug */ = {
			isa = XCBuildConfiguration;
			buildSettings = {
				DEVELOPMENT_TEAM = V3QVSW8GNL;
				LIBRARY_SEARCH_PATHS = (
					"$(inherited)",
					"$(PROJECT_DIR)/E4KOutput",
				);
				PRODUCT_NAME = "$(TARGET_NAME)";
			};
			name = Debug;
		};
		FAA1324D1EAA8F8100DB8A92 /* Release */ = {
			isa = XCBuildConfiguration;
			buildSettings = {
				DEVELOPMENT_TEAM = V3QVSW8GNL;
				LIBRARY_SEARCH_PATHS = (
					"$(inherited)",
					"$(PROJECT_DIR)/E4KOutput",
				);
				PRODUCT_NAME = "$(TARGET_NAME)";
			};
			name = Release;
		};
/* End XCBuildConfiguration section */

/* Begin XCConfigurationList section */
		FAA1323F1EAA8F8100DB8A92 /* Build configuration list for PBXProject "NoInitInSubclassTest" */ = {
			isa = XCConfigurationList;
			buildConfigurations = (
				FAA132491EAA8F8100DB8A92 /* Debug */,
				FAA1324A1EAA8F8100DB8A92 /* Release */,
			);
			defaultConfigurationIsVisible = 0;
			defaultConfigurationName = Release;
		};
		FAA1324B1EAA8F8100DB8A92 /* Build configuration list for PBXNativeTarget "NoInitInSubclassTest" */ = {
			isa = XCConfigurationList;
			buildConfigurations = (
				FAA1324C1EAA8F8100DB8A92 /* Debug */,
				FAA1324D1EAA8F8100DB8A92 /* Release */,
			);
			defaultConfigurationIsVisible = 0;
			defaultConfigurationName = Release;
		};
/* End XCConfigurationList section */
	};
	rootObject = FAA1323C1EAA8F8100DB8A92 /* Project object */;
}
