
Microsoft Visual Studio Solution File, Format Version 12.00
# Visual Studio 2012
Project("{FAE04EC0-301F-11D3-BF4B-00C04F79EFBC}") = "UIViewLib", "UIViewLib.csproj", "{2C7ED9E7-0F69-494A-8FA5-9D6FC69B71D6}"
EndProject
Global
	GlobalSection(SolutionConfigurationPlatforms) = preSolution
		Debug|Any CPU = Debug|Any CPU
		Release|Any CPU = Release|Any CPU
	EndGlobalSection
	GlobalSection(ProjectConfigurationPlatforms) = postSolution
		{2C7ED9E7-0F69-494A-8FA5-9D6FC69B71D6}.Debug|Any CPU.ActiveCfg = Debug|Any CPU
		{2C7ED9E7-0F69-494A-8FA5-9D6FC69B71D6}.Debug|Any CPU.Build.0 = Debug|Any CPU
		{2C7ED9E7-0F69-494A-8FA5-9D6FC69B71D6}.Release|Any CPU.ActiveCfg = Release|Any CPU
		{2C7ED9E7-0F69-494A-8FA5-9D6FC69B71D6}.Release|Any CPU.Build.0 = Release|Any CPU
	EndGlobalSection
EndGlobal
