// !$*UTF8*$!
{
	archiveVersion = 1;
	classes = {
	};
	objectVersion = 46;
	objects = {

/* Begin PBXBuildFile section */
		7E577A421E9E5A4B003FA392 /* main.m in Sources */ = {isa = PBXBuildFile; fileRef = 7E577A411E9E5A4B003FA392 /* main.m */; };
		7E577A451E9E5A4B003FA392 /* AppDelegate.m in Sources */ = {isa = PBXBuildFile; fileRef = 7E577A441E9E5A4B003FA392 /* AppDelegate.m */; };
		7E577A481E9E5A4B003FA392 /* ViewController.m in Sources */ = {isa = PBXBuildFile; fileRef = 7E577A471E9E5A4B003FA392 /* ViewController.m */; };
		7E577A4B1E9E5A4B003FA392 /* Main.storyboard in Resources */ = {isa = PBXBuildFile; fileRef = 7E577A491E9E5A4B003FA392 /* Main.storyboard */; };
		7E577A4D1E9E5A4B003FA392 /* Assets.xcassets in Resources */ = {isa = PBXBuildFile; fileRef = 7E577A4C1E9E5A4B003FA392 /* Assets.xcassets */; };
		7E577A501E9E5A4B003FA392 /* LaunchScreen.storyboard in Resources */ = {isa = PBXBuildFile; fileRef = 7E577A4E1E9E5A4B003FA392 /* LaunchScreen.storyboard */; };
		7E577A5B1E9E5A4C003FA392 /* libmanaged_iosTests.m in Sources */ = {isa = PBXBuildFile; fileRef = 7E577A5A1E9E5A4C003FA392 /* libmanaged_iosTests.m */; };
		7E577A661E9E5A5E003FA392 /* Tests.m in Sources */ = {isa = PBXBuildFile; fileRef = 7E577A651E9E5A5E003FA392 /* Tests.m */; };
		7E577A681E9E5AEA003FA392 /* managed.framework in Frameworks */ = {isa = PBXBuildFile; fileRef = 7E577A671E9E5AEA003FA392 /* managed.framework */; };
		7E577A6B1E9E5D9C003FA392 /* managed.framework in CopyFiles */ = {isa = PBXBuildFile; fileRef = 7E577A671E9E5AEA003FA392 /* managed.framework */; settings = {ATTRIBUTES = (CodeSignOnCopy, RemoveHeadersOnCopy, ); }; };
		7E577A6D1E9E6D9D003FA392 /* managed.framework in CopyFiles */ = {isa = PBXBuildFile; fileRef = 7E577A671E9E5AEA003FA392 /* managed.framework */; settings = {ATTRIBUTES = (CodeSignOnCopy, RemoveHeadersOnCopy, ); }; };
/* End PBXBuildFile section */

/* Begin PBXContainerItemProxy section */
		7E577A571E9E5A4C003FA392 /* PBXContainerItemProxy */ = {
			isa = PBXContainerItemProxy;
			containerPortal = 7E577A351E9E5A4B003FA392 /* Project object */;
			proxyType = 1;
			remoteGlobalIDString = 7E577A3C1E9E5A4B003FA392;
			remoteInfo = "libmanaged-ios";
		};
/* End PBXContainerItemProxy section */

/* Begin PBXCopyFilesBuildPhase section */
		7E577A6A1E9E5D94003FA392 /* CopyFiles */ = {
			isa = PBXCopyFilesBuildPhase;
			buildActionMask = 2147483647;
			dstPath = "";
			dstSubfolderSpec = 10;
			files = (
				7E577A6B1E9E5D9C003FA392 /* managed.framework in CopyFiles */,
			);
			runOnlyForDeploymentPostprocessing = 0;
		};
		7E577A6C1E9E6D95003FA392 /* CopyFiles */ = {
			isa = PBXCopyFilesBuildPhase;
			buildActionMask = 2147483647;
			dstPath = "";
			dstSubfolderSpec = 10;
			files = (
				7E577A6D1E9E6D9D003FA392 /* managed.framework in CopyFiles */,
			);
			runOnlyForDeploymentPostprocessing = 0;
		};
/* End PBXCopyFilesBuildPhase section */

/* Begin PBXFileReference section */
		7E577A3D1E9E5A4B003FA392 /* libmanaged-ios.app */ = {isa = PBXFileReference; explicitFileType = wrapper.application; includeInIndex = 0; path = "libmanaged-ios.app"; sourceTree = BUILT_PRODUCTS_DIR; };
		7E577A411E9E5A4B003FA392 /* main.m */ = {isa = PBXFileReference; lastKnownFileType = sourcecode.c.objc; path = main.m; sourceTree = "<group>"; };
		7E577A431E9E5A4B003FA392 /* AppDelegate.h */ = {isa = PBXFileReference; lastKnownFileType = sourcecode.c.h; path = AppDelegate.h; sourceTree = "<group>"; };
		7E577A441E9E5A4B003FA392 /* AppDelegate.m */ = {isa = PBXFileReference; lastKnownFileType = sourcecode.c.objc; path = AppDelegate.m; sourceTree = "<group>"; };
		7E577A461E9E5A4B003FA392 /* ViewController.h */ = {isa = PBXFileReference; lastKnownFileType = sourcecode.c.h; path = ViewController.h; sourceTree = "<group>"; };
		7E577A471E9E5A4B003FA392 /* ViewController.m */ = {isa = PBXFileReference; lastKnownFileType = sourcecode.c.objc; path = ViewController.m; sourceTree = "<group>"; };
		7E577A4A1E9E5A4B003FA392 /* Base */ = {isa = PBXFileReference; lastKnownFileType = file.storyboard; name = Base; path = Base.lproj/Main.storyboard; sourceTree = "<group>"; };
		7E577A4C1E9E5A4B003FA392 /* Assets.xcassets */ = {isa = PBXFileReference; lastKnownFileType = folder.assetcatalog; path = Assets.xcassets; sourceTree = "<group>"; };
		7E577A4F1E9E5A4B003FA392 /* Base */ = {isa = PBXFileReference; lastKnownFileType = file.storyboard; name = Base; path = Base.lproj/LaunchScreen.storyboard; sourceTree = "<group>"; };
		7E577A511E9E5A4B003FA392 /* Info.plist */ = {isa = PBXFileReference; lastKnownFileType = text.plist.xml; path = Info.plist; sourceTree = "<group>"; };
		7E577A561E9E5A4C003FA392 /* libmanaged-iosTests.xctest */ = {isa = PBXFileReference; explicitFileType = wrapper.cfbundle; includeInIndex = 0; path = "libmanaged-iosTests.xctest"; sourceTree = BUILT_PRODUCTS_DIR; };
		7E577A5A1E9E5A4C003FA392 /* libmanaged_iosTests.m */ = {isa = PBXFileReference; lastKnownFileType = sourcecode.c.objc; path = libmanaged_iosTests.m; sourceTree = "<group>"; };
		7E577A5C1E9E5A4C003FA392 /* Info.plist */ = {isa = PBXFileReference; lastKnownFileType = text.plist.xml; path = Info.plist; sourceTree = "<group>"; };
		7E577A651E9E5A5E003FA392 /* Tests.m */ = {isa = PBXFileReference; fileEncoding = 4; lastKnownFileType = sourcecode.c.objc; name = Tests.m; path = ../../libmanaged/Tests/Tests.m; sourceTree = "<group>"; };
		7E577A671E9E5AEA003FA392 /* managed.framework */ = {isa = PBXFileReference; lastKnownFileType = wrapper.framework; name = managed.framework; path = "../build/test-framework-ios-temp-dir/managed.framework"; sourceTree = "<group>"; };
/* End PBXFileReference section */

/* Begin PBXFrameworksBuildPhase section */
		7E577A3A1E9E5A4B003FA392 /* Frameworks */ = {
			isa = PBXFrameworksBuildPhase;
			buildActionMask = 2147483647;
			files = (
			);
			runOnlyForDeploymentPostprocessing = 0;
		};
		7E577A531E9E5A4C003FA392 /* Frameworks */ = {
			isa = PBXFrameworksBuildPhase;
			buildActionMask = 2147483647;
			files = (
				7E577A681E9E5AEA003FA392 /* managed.framework in Frameworks */,
			);
			runOnlyForDeploymentPostprocessing = 0;
		};
/* End PBXFrameworksBuildPhase section */

/* Begin PBXGroup section */
		7E577A341E9E5A4B003FA392 = {
			isa = PBXGroup;
			children = (
				7E577A671E9E5AEA003FA392 /* managed.framework */,
				7E577A3F1E9E5A4B003FA392 /* libmanaged-ios */,
				7E577A591E9E5A4C003FA392 /* libmanaged-iosTests */,
				7E577A3E1E9E5A4B003FA392 /* Products */,
			);
			sourceTree = "<group>";
		};
		7E577A3E1E9E5A4B003FA392 /* Products */ = {
			isa = PBXGroup;
			children = (
				7E577A3D1E9E5A4B003FA392 /* libmanaged-ios.app */,
				7E577A561E9E5A4C003FA392 /* libmanaged-iosTests.xctest */,
			);
			name = Products;
			sourceTree = "<group>";
		};
		7E577A3F1E9E5A4B003FA392 /* libmanaged-ios */ = {
			isa = PBXGroup;
			children = (
				7E577A431E9E5A4B003FA392 /* AppDelegate.h */,
				7E577A441E9E5A4B003FA392 /* AppDelegate.m */,
				7E577A461E9E5A4B003FA392 /* ViewController.h */,
				7E577A471E9E5A4B003FA392 /* ViewController.m */,
				7E577A491E9E5A4B003FA392 /* Main.storyboard */,
				7E577A4C1E9E5A4B003FA392 /* Assets.xcassets */,
				7E577A4E1E9E5A4B003FA392 /* LaunchScreen.storyboard */,
				7E577A511E9E5A4B003FA392 /* Info.plist */,
				7E577A401E9E5A4B003FA392 /* Supporting Files */,
			);
			path = "libmanaged-ios";
			sourceTree = "<group>";
		};
		7E577A401E9E5A4B003FA392 /* Supporting Files */ = {
			isa = PBXGroup;
			children = (
				7E577A411E9E5A4B003FA392 /* main.m */,
			);
			name = "Supporting Files";
			sourceTree = "<group>";
		};
		7E577A591E9E5A4C003FA392 /* libmanaged-iosTests */ = {
			isa = PBXGroup;
			children = (
				7E577A651E9E5A5E003FA392 /* Tests.m */,
				7E577A5A1E9E5A4C003FA392 /* libmanaged_iosTests.m */,
				7E577A5C1E9E5A4C003FA392 /* Info.plist */,
			);
			path = "libmanaged-iosTests";
			sourceTree = "<group>";
		};
/* End PBXGroup section */

/* Begin PBXNativeTarget section */
		7E577A3C1E9E5A4B003FA392 /* libmanaged-ios */ = {
			isa = PBXNativeTarget;
			buildConfigurationList = 7E577A5F1E9E5A4C003FA392 /* Build configuration list for PBXNativeTarget "libmanaged-ios" */;
			buildPhases = (
				7E577A391E9E5A4B003FA392 /* Sources */,
				7E577A3A1E9E5A4B003FA392 /* Frameworks */,
				7E577A3B1E9E5A4B003FA392 /* Resources */,
				7E577A6C1E9E6D95003FA392 /* CopyFiles */,
			);
			buildRules = (
			);
			dependencies = (
			);
			name = "libmanaged-ios";
			productName = "libmanaged-ios";
			productReference = 7E577A3D1E9E5A4B003FA392 /* libmanaged-ios.app */;
			productType = "com.apple.product-type.application";
		};
		7E577A551E9E5A4C003FA392 /* libmanaged-iosTests */ = {
			isa = PBXNativeTarget;
			buildConfigurationList = 7E577A621E9E5A4C003FA392 /* Build configuration list for PBXNativeTarget "libmanaged-iosTests" */;
			buildPhases = (
				7E577A521E9E5A4C003FA392 /* Sources */,
				7E577A531E9E5A4C003FA392 /* Frameworks */,
				7E577A541E9E5A4C003FA392 /* Resources */,
				7E577A6A1E9E5D94003FA392 /* CopyFiles */,
			);
			buildRules = (
			);
			dependencies = (
				7E577A581E9E5A4C003FA392 /* PBXTargetDependency */,
			);
			name = "libmanaged-iosTests";
			productName = "libmanaged-iosTests";
			productReference = 7E577A561E9E5A4C003FA392 /* libmanaged-iosTests.xctest */;
			productType = "com.apple.product-type.bundle.unit-test";
		};
/* End PBXNativeTarget section */

/* Begin PBXProject section */
		7E577A351E9E5A4B003FA392 /* Project object */ = {
			isa = PBXProject;
			attributes = {
				LastUpgradeCheck = 0830;
				ORGANIZATIONNAME = "Rolf Bjarne Kvinge";
				TargetAttributes = {
					7E577A3C1E9E5A4B003FA392 = {
						CreatedOnToolsVersion = 8.3;
						DevelopmentTeam = TGFVQHFHZF;
						ProvisioningStyle = Automatic;
					};
					7E577A551E9E5A4C003FA392 = {
						CreatedOnToolsVersion = 8.3;
						DevelopmentTeam = TGFVQHFHZF;
						ProvisioningStyle = Automatic;
						TestTargetID = 7E577A3C1E9E5A4B003FA392;
					};
				};
			};
			buildConfigurationList = 7E577A381E9E5A4B003FA392 /* Build configuration list for PBXProject "libmanaged-ios" */;
			compatibilityVersion = "Xcode 3.2";
			developmentRegion = English;
			hasScannedForEncodings = 0;
			knownRegions = (
				en,
				Base,
			);
			mainGroup = 7E577A341E9E5A4B003FA392;
			productRefGroup = 7E577A3E1E9E5A4B003FA392 /* Products */;
			projectDirPath = "";
			projectRoot = "";
			targets = (
				7E577A3C1E9E5A4B003FA392 /* libmanaged-ios */,
				7E577A551E9E5A4C003FA392 /* libmanaged-iosTests */,
			);
		};
/* End PBXProject section */

/* Begin PBXResourcesBuildPhase section */
		7E577A3B1E9E5A4B003FA392 /* Resources */ = {
			isa = PBXResourcesBuildPhase;
			buildActionMask = 2147483647;
			files = (
				7E577A501E9E5A4B003FA392 /* LaunchScreen.storyboard in Resources */,
				7E577A4D1E9E5A4B003FA392 /* Assets.xcassets in Resources */,
				7E577A4B1E9E5A4B003FA392 /* Main.storyboard in Resources */,
			);
			runOnlyForDeploymentPostprocessing = 0;
		};
		7E577A541E9E5A4C003FA392 /* Resources */ = {
			isa = PBXResourcesBuildPhase;
			buildActionMask = 2147483647;
			files = (
			);
			runOnlyForDeploymentPostprocessing = 0;
		};
/* End PBXResourcesBuildPhase section */

/* Begin PBXSourcesBuildPhase section */
		7E577A391E9E5A4B003FA392 /* Sources */ = {
			isa = PBXSourcesBuildPhase;
			buildActionMask = 2147483647;
			files = (
				7E577A481E9E5A4B003FA392 /* ViewController.m in Sources */,
				7E577A451E9E5A4B003FA392 /* AppDelegate.m in Sources */,
				7E577A421E9E5A4B003FA392 /* main.m in Sources */,
			);
			runOnlyForDeploymentPostprocessing = 0;
		};
		7E577A521E9E5A4C003FA392 /* Sources */ = {
			isa = PBXSourcesBuildPhase;
			buildActionMask = 2147483647;
			files = (
				7E577A5B1E9E5A4C003FA392 /* libmanaged_iosTests.m in Sources */,
				7E577A661E9E5A5E003FA392 /* Tests.m in Sources */,
			);
			runOnlyForDeploymentPostprocessing = 0;
		};
/* End PBXSourcesBuildPhase section */

/* Begin PBXTargetDependency section */
		7E577A581E9E5A4C003FA392 /* PBXTargetDependency */ = {
			isa = PBXTargetDependency;
			target = 7E577A3C1E9E5A4B003FA392 /* libmanaged-ios */;
			targetProxy = 7E577A571E9E5A4C003FA392 /* PBXContainerItemProxy */;
		};
/* End PBXTargetDependency section */

/* Begin PBXVariantGroup section */
		7E577A491E9E5A4B003FA392 /* Main.storyboard */ = {
			isa = PBXVariantGroup;
			children = (
				7E577A4A1E9E5A4B003FA392 /* Base */,
			);
			name = Main.storyboard;
			sourceTree = "<group>";
		};
		7E577A4E1E9E5A4B003FA392 /* LaunchScreen.storyboard */ = {
			isa = PBXVariantGroup;
			children = (
				7E577A4F1E9E5A4B003FA392 /* Base */,
			);
			name = LaunchScreen.storyboard;
			sourceTree = "<group>";
		};
/* End PBXVariantGroup section */

/* Begin XCBuildConfiguration section */
		7E577A5D1E9E5A4C003FA392 /* Debug */ = {
			isa = XCBuildConfiguration;
			buildSettings = {
				ALWAYS_SEARCH_USER_PATHS = NO;
				CLANG_ANALYZER_NONNULL = YES;
				CLANG_ANALYZER_NUMBER_OBJECT_CONVERSION = YES_AGGRESSIVE;
				CLANG_CXX_LANGUAGE_STANDARD = "gnu++0x";
				CLANG_CXX_LIBRARY = "libc++";
				CLANG_ENABLE_MODULES = YES;
				CLANG_ENABLE_OBJC_ARC = YES;
				CLANG_WARN_BOOL_CONVERSION = YES;
				CLANG_WARN_CONSTANT_CONVERSION = YES;
				CLANG_WARN_DIRECT_OBJC_ISA_USAGE = YES_ERROR;
				CLANG_WARN_DOCUMENTATION_COMMENTS = YES;
				CLANG_WARN_EMPTY_BODY = YES;
				CLANG_WARN_ENUM_CONVERSION = YES;
				CLANG_WARN_INFINITE_RECURSION = YES;
				CLANG_WARN_INT_CONVERSION = YES;
				CLANG_WARN_OBJC_ROOT_CLASS = YES_ERROR;
				CLANG_WARN_SUSPICIOUS_MOVE = YES;
				CLANG_WARN_UNREACHABLE_CODE = YES;
				CLANG_WARN__DUPLICATE_METHOD_MATCH = YES;
				"CODE_SIGN_IDENTITY[sdk=iphoneos*]" = "iPhone Developer";
				COPY_PHASE_STRIP = NO;
				DEBUG_INFORMATION_FORMAT = dwarf;
				ENABLE_STRICT_OBJC_MSGSEND = YES;
				ENABLE_TESTABILITY = YES;
				GCC_C_LANGUAGE_STANDARD = gnu99;
				GCC_DYNAMIC_NO_PIC = NO;
				GCC_NO_COMMON_BLOCKS = YES;
				GCC_OPTIMIZATION_LEVEL = 0;
				GCC_PREPROCESSOR_DEFINITIONS = (
					"DEBUG=1",
					"$(inherited)",
				);
				GCC_WARN_64_TO_32_BIT_CONVERSION = YES;
				GCC_WARN_ABOUT_RETURN_TYPE = YES_ERROR;
				GCC_WARN_UNDECLARED_SELECTOR = YES;
				GCC_WARN_UNINITIALIZED_AUTOS = YES_AGGRESSIVE;
				GCC_WARN_UNUSED_FUNCTION = YES;
				GCC_WARN_UNUSED_VARIABLE = YES;
				IPHONEOS_DEPLOYMENT_TARGET = 10.3;
				MTL_ENABLE_DEBUG_INFO = YES;
				ONLY_ACTIVE_ARCH = YES;
				SDKROOT = iphoneos;
				TARGETED_DEVICE_FAMILY = "1,2";
			};
			name = Debug;
		};
		7E577A5E1E9E5A4C003FA392 /* Release */ = {
			isa = XCBuildConfiguration;
			buildSettings = {
				ALWAYS_SEARCH_USER_PATHS = NO;
				CLANG_ANALYZER_NONNULL = YES;
				CLANG_ANALYZER_NUMBER_OBJECT_CONVERSION = YES_AGGRESSIVE;
				CLANG_CXX_LANGUAGE_STANDARD = "gnu++0x";
				CLANG_CXX_LIBRARY = "libc++";
				CLANG_ENABLE_MODULES = YES;
				CLANG_ENABLE_OBJC_ARC = YES;
				CLANG_WARN_BOOL_CONVERSION = YES;
				CLANG_WARN_CONSTANT_CONVERSION = YES;
				CLANG_WARN_DIRECT_OBJC_ISA_USAGE = YES_ERROR;
				CLANG_WARN_DOCUMENTATION_COMMENTS = YES;
				CLANG_WARN_EMPTY_BODY = YES;
				CLANG_WARN_ENUM_CONVERSION = YES;
				CLANG_WARN_INFINITE_RECURSION = YES;
				CLANG_WARN_INT_CONVERSION = YES;
				CLANG_WARN_OBJC_ROOT_CLASS = YES_ERROR;
				CLANG_WARN_SUSPICIOUS_MOVE = YES;
				CLANG_WARN_UNREACHABLE_CODE = YES;
				CLANG_WARN__DUPLICATE_METHOD_MATCH = YES;
				"CODE_SIGN_IDENTITY[sdk=iphoneos*]" = "iPhone Developer";
				COPY_PHASE_STRIP = NO;
				DEBUG_INFORMATION_FORMAT = "dwarf-with-dsym";
				ENABLE_NS_ASSERTIONS = NO;
				ENABLE_STRICT_OBJC_MSGSEND = YES;
				GCC_C_LANGUAGE_STANDARD = gnu99;
				GCC_NO_COMMON_BLOCKS = YES;
				GCC_WARN_64_TO_32_BIT_CONVERSION = YES;
				GCC_WARN_ABOUT_RETURN_TYPE = YES_ERROR;
				GCC_WARN_UNDECLARED_SELECTOR = YES;
				GCC_WARN_UNINITIALIZED_AUTOS = YES_AGGRESSIVE;
				GCC_WARN_UNUSED_FUNCTION = YES;
				GCC_WARN_UNUSED_VARIABLE = YES;
				IPHONEOS_DEPLOYMENT_TARGET = 10.3;
				MTL_ENABLE_DEBUG_INFO = NO;
				SDKROOT = iphoneos;
				TARGETED_DEVICE_FAMILY = "1,2";
				VALIDATE_PRODUCT = YES;
			};
			name = Release;
		};
		7E577A601E9E5A4C003FA392 /* Debug */ = {
			isa = XCBuildConfiguration;
			buildSettings = {
				ASSETCATALOG_COMPILER_APPICON_NAME = AppIcon;
				DEVELOPMENT_TEAM = TGFVQHFHZF;
				INFOPLIST_FILE = "libmanaged-ios/Info.plist";
				IPHONEOS_DEPLOYMENT_TARGET = 8.0;
				LD_RUNPATH_SEARCH_PATHS = "$(inherited) @executable_path/Frameworks";
				PRODUCT_BUNDLE_IDENTIFIER = "com.rolfkvinge.libmanaged-ios";
				PRODUCT_NAME = "$(TARGET_NAME)";
			};
			name = Debug;
		};
		7E577A611E9E5A4C003FA392 /* Release */ = {
			isa = XCBuildConfiguration;
			buildSettings = {
				ASSETCATALOG_COMPILER_APPICON_NAME = AppIcon;
				DEVELOPMENT_TEAM = TGFVQHFHZF;
				INFOPLIST_FILE = "libmanaged-ios/Info.plist";
				IPHONEOS_DEPLOYMENT_TARGET = 8.0;
				LD_RUNPATH_SEARCH_PATHS = "$(inherited) @executable_path/Frameworks";
				PRODUCT_BUNDLE_IDENTIFIER = "com.rolfkvinge.libmanaged-ios";
				PRODUCT_NAME = "$(TARGET_NAME)";
			};
			name = Release;
		};
		7E577A631E9E5A4C003FA392 /* Debug */ = {
			isa = XCBuildConfiguration;
			buildSettings = {
				BUNDLE_LOADER = "$(TEST_HOST)";
				DEVELOPMENT_TEAM = TGFVQHFHZF;
				"FRAMEWORK_SEARCH_PATHS[sdk=iphoneos*]" = "../build/test-framework-ios-temp-dir/iPhoneOS";
				"FRAMEWORK_SEARCH_PATHS[sdk=iphonesimulator*]" = "../build/test-framework-ios-temp-dir/iPhoneSimulator";
				GCC_PREPROCESSOR_DEFINITIONS = (
					"DEBUG=1",
					"$(inherited)",
					"TEST_FRAMEWORK=1",
				);
				INFOPLIST_FILE = "libmanaged-iosTests/Info.plist";
				LD_RUNPATH_SEARCH_PATHS = "$(inherited) @executable_path/Frameworks @loader_path/Frameworks";
				PRODUCT_BUNDLE_IDENTIFIER = "com.rolfkvinge.libmanaged-iosTests";
				PRODUCT_NAME = "$(TARGET_NAME)";
				TEST_HOST = "$(BUILT_PRODUCTS_DIR)/libmanaged-ios.app/libmanaged-ios";
			};
			name = Debug;
		};
		7E577A641E9E5A4C003FA392 /* Release */ = {
			isa = XCBuildConfiguration;
			buildSettings = {
				BUNDLE_LOADER = "$(TEST_HOST)";
				DEVELOPMENT_TEAM = TGFVQHFHZF;
				GCC_PREPROCESSOR_DEFINITIONS = "TEST_FRAMEWORK=1";
				INFOPLIST_FILE = "libmanaged-iosTests/Info.plist";
				LD_RUNPATH_SEARCH_PATHS = "$(inherited) @executable_path/Frameworks @loader_path/Frameworks";
				PRODUCT_BUNDLE_IDENTIFIER = "com.rolfkvinge.libmanaged-iosTests";
				PRODUCT_NAME = "$(TARGET_NAME)";
				TEST_HOST = "$(BUILT_PRODUCTS_DIR)/libmanaged-ios.app/libmanaged-ios";
			};
			name = Release;
		};
/* End XCBuildConfiguration section */

/* Begin XCConfigurationList section */
		7E577A381E9E5A4B003FA392 /* Build configuration list for PBXProject "libmanaged-ios" */ = {
			isa = XCConfigurationList;
			buildConfigurations = (
				7E577A5D1E9E5A4C003FA392 /* Debug */,
				7E577A5E1E9E5A4C003FA392 /* Release */,
			);
			defaultConfigurationIsVisible = 0;
			defaultConfigurationName = Release;
		};
		7E577A5F1E9E5A4C003FA392 /* Build configuration list for PBXNativeTarget "libmanaged-ios" */ = {
			isa = XCConfigurationList;
			buildConfigurations = (
				7E577A601E9E5A4C003FA392 /* Debug */,
				7E577A611E9E5A4C003FA392 /* Release */,
			);
			defaultConfigurationIsVisible = 0;
			defaultConfigurationName = Release;
		};
		7E577A621E9E5A4C003FA392 /* Build configuration list for PBXNativeTarget "libmanaged-iosTests" */ = {
			isa = XCConfigurationList;
			buildConfigurations = (
				7E577A631E9E5A4C003FA392 /* Debug */,
				7E577A641E9E5A4C003FA392 /* Release */,
			);
			defaultConfigurationIsVisible = 0;
			defaultConfigurationName = Release;
		};
/* End XCConfigurationList section */
	};
	rootObject = 7E577A351E9E5A4B003FA392 /* Project object */;
}
